
Microsoft Visual Studio Solution File, Format Version 12.00
# Visual Studio 15
VisualStudioVersion = 15.0.27130.2003
MinimumVisualStudioVersion = 10.0.40219.1
Project("{FAE04EC0-301F-11D3-BF4B-00C04F79EFBC}") = "MultiCommentViewer", "MultiCommentViewer\MultiCommentViewer.csproj", "{1CAA4971-6CB9-4FB5-AC5E-BFC6BED83C87}"
	ProjectSection(ProjectDependencies) = postProject
		{13A909DD-3791-4539-9C04-F72D9E755DCF} = {13A909DD-3791-4539-9C04-F72D9E755DCF}
	EndProjectSection
EndProject
Project("{FAE04EC0-301F-11D3-BF4B-00C04F79EFBC}") = "SitePlugin", "ISitePlugin\SitePlugin.csproj", "{C13BFDF0-3B93-475F-900E-E7BAD97ACE3D}"
EndProject
Project("{FAE04EC0-301F-11D3-BF4B-00C04F79EFBC}") = "Plugin", "IPlugin\Plugin.csproj", "{735CFEEE-5B77-4D36-977B-4CD94A6F3CDB}"
EndProject
Project("{FAE04EC0-301F-11D3-BF4B-00C04F79EFBC}") = "BrowserCookieImplementations", "BrowserCookieImplementations\BrowserCookieImplementations.csproj", "{DFE01D83-BDBF-4B5C-95D5-9F1034597EDE}"
EndProject
Project("{FAE04EC0-301F-11D3-BF4B-00C04F79EFBC}") = "BrowserCookieInterfaces", "BrowserCookieInterfaces\BrowserCookieInterfaces.csproj", "{CDBBBF25-AD0C-4EAF-B673-EB0BB198585A}"
EndProject
Project("{FAE04EC0-301F-11D3-BF4B-00C04F79EFBC}") = "YouTubeLiveSitePlugin", "YouTubeLiveSitePlugin\YouTubeLiveSitePlugin.csproj", "{D3FD476C-9801-4861-8FA1-C3D57FF30C83}"
EndProject
Project("{FAE04EC0-301F-11D3-BF4B-00C04F79EFBC}") = "NicoSitePlugin", "NicoSitePlugin\NicoSitePlugin.csproj", "{2EBA5F3C-E50E-4885-9990-B03553E9330D}"
EndProject
Project("{FAE04EC0-301F-11D3-BF4B-00C04F79EFBC}") = "MultiCommentViewerTests", "MultiCommentViewerTests\MultiCommentViewerTests.csproj", "{B6D8D3D7-AF6F-4A24-8830-8BC080E3586D}"
EndProject
Project("{FAE04EC0-301F-11D3-BF4B-00C04F79EFBC}") = "YouTubeLiveSitePluginTests", "YouTubeLiveSitePluginTests\YouTubeLiveSitePluginTests.csproj", "{51B38AE6-BA27-439D-93CE-46F0691001F0}"
EndProject
Project("{FAE04EC0-301F-11D3-BF4B-00C04F79EFBC}") = "NicoSitePluginTests", "NicoSitePluginTests\NicoSitePluginTests.csproj", "{7D3D1D22-D547-4C6B-8396-681E54911F38}"
EndProject
Project("{FAE04EC0-301F-11D3-BF4B-00C04F79EFBC}") = "Common", "Common\Common.csproj", "{66D18DE1-4D66-41A5-B0E2-47DF9975495A}"
EndProject
Project("{FAE04EC0-301F-11D3-BF4B-00C04F79EFBC}") = "BouyomiPlugin", "BouyomiPlugin\BouyomiPlugin.csproj", "{13A909DD-3791-4539-9C04-F72D9E755DCF}"
EndProject
Project("{FAE04EC0-301F-11D3-BF4B-00C04F79EFBC}") = "NicoCommentProviderTestClient", "NicoCommentProviderTestClient\NicoCommentProviderTestClient.csproj", "{2343FF96-F8FF-4E51-9B95-C8DF58C83D96}"
EndProject
Project("{FAE04EC0-301F-11D3-BF4B-00C04F79EFBC}") = "TwitchSitePlugin", "TwitchSitePlugin\TwitchSitePlugin.csproj", "{45C68E6E-3C4D-4B28-9B89-FF9F4CA467BF}"
EndProject
Project("{FAE04EC0-301F-11D3-BF4B-00C04F79EFBC}") = "TwitchSitePluginTests", "TwitchSitePluginTests\TwitchSitePluginTests.csproj", "{5C5D8468-1FA6-44DB-B196-003164FBB91A}"
EndProject
Project("{FAE04EC0-301F-11D3-BF4B-00C04F79EFBC}") = "TwitchMessageProviderTestClient", "TwitchMessageProviderTestClient\TwitchMessageProviderTestClient.csproj", "{C0AEE3E3-9B2C-4364-9C14-2AC69EB059DF}"
EndProject
Project("{FAE04EC0-301F-11D3-BF4B-00C04F79EFBC}") = "TwitchTestClient", "TwitchTestClient\TwitchTestClient.csproj", "{9AF16820-8F3A-4A6D-88D1-075897AFD00F}"
EndProject
Project("{FAE04EC0-301F-11D3-BF4B-00C04F79EFBC}") = "TwicasSitePlugin", "TwicasSitePlugin\TwicasSitePlugin.csproj", "{EBCBADAB-C5BE-440A-BE08-C660244D1F15}"
EndProject
Project("{FAE04EC0-301F-11D3-BF4B-00C04F79EFBC}") = "TwicasSitePluginTests", "TwicasSitePluginTests\TwicasSitePluginTests.csproj", "{187FA0C1-E974-407F-AF69-18595B559867}"
EndProject
Project("{FAE04EC0-301F-11D3-BF4B-00C04F79EFBC}") = "TwicasCommentProviderTestClient", "TwicasCommentProviderTestClient\TwicasCommentProviderTestClient.csproj", "{D372F747-28FF-486D-B5B3-1D37F10A9314}"
EndProject
Project("{FAE04EC0-301F-11D3-BF4B-00C04F79EFBC}") = "NicoCommentProviderErrorTestClient", "NicoCommentProviderErrorTestClient\NicoCommentProviderErrorTestClient.csproj", "{601BB5E7-557C-43FD-9FD4-136447473A56}"
EndProject
Project("{FAE04EC0-301F-11D3-BF4B-00C04F79EFBC}") = "YouTubeLiveCommentViewer", "YouTubeLiveCommentViewer\YouTubeLiveCommentViewer.csproj", "{EBA3CB8F-6609-48EC-B98B-7B116FC926A3}"
	ProjectSection(ProjectDependencies) = postProject
		{88B68D39-41A4-4C10-B942-0F3BE976D7A3} = {88B68D39-41A4-4C10-B942-0F3BE976D7A3}
		{13A909DD-3791-4539-9C04-F72D9E755DCF} = {13A909DD-3791-4539-9C04-F72D9E755DCF}
	EndProjectSection
EndProject
Project("{FAE04EC0-301F-11D3-BF4B-00C04F79EFBC}") = "CommentGeneratorPlugin", "CommentGeneratorPlugin\CommentGeneratorPlugin.csproj", "{88B68D39-41A4-4C10-B942-0F3BE976D7A3}"
EndProject
Project("{FAE04EC0-301F-11D3-BF4B-00C04F79EFBC}") = "OpenrecSitePlugin", "OpenrecSitePlugin\OpenrecSitePlugin.csproj", "{B56F2F0D-197A-4A29-A29A-1F92ECD81902}"
EndProject
Global
	GlobalSection(SolutionConfigurationPlatforms) = preSolution
		Debug|Any CPU = Debug|Any CPU
		Release|Any CPU = Release|Any CPU
	EndGlobalSection
	GlobalSection(ProjectConfigurationPlatforms) = postSolution
		{1CAA4971-6CB9-4FB5-AC5E-BFC6BED83C87}.Debug|Any CPU.ActiveCfg = Debug|Any CPU
		{1CAA4971-6CB9-4FB5-AC5E-BFC6BED83C87}.Debug|Any CPU.Build.0 = Debug|Any CPU
		{1CAA4971-6CB9-4FB5-AC5E-BFC6BED83C87}.Release|Any CPU.ActiveCfg = Release|Any CPU
		{1CAA4971-6CB9-4FB5-AC5E-BFC6BED83C87}.Release|Any CPU.Build.0 = Release|Any CPU
		{C13BFDF0-3B93-475F-900E-E7BAD97ACE3D}.Debug|Any CPU.ActiveCfg = Debug|Any CPU
		{C13BFDF0-3B93-475F-900E-E7BAD97ACE3D}.Debug|Any CPU.Build.0 = Debug|Any CPU
		{C13BFDF0-3B93-475F-900E-E7BAD97ACE3D}.Release|Any CPU.ActiveCfg = Release|Any CPU
		{C13BFDF0-3B93-475F-900E-E7BAD97ACE3D}.Release|Any CPU.Build.0 = Release|Any CPU
		{735CFEEE-5B77-4D36-977B-4CD94A6F3CDB}.Debug|Any CPU.ActiveCfg = Debug|Any CPU
		{735CFEEE-5B77-4D36-977B-4CD94A6F3CDB}.Debug|Any CPU.Build.0 = Debug|Any CPU
		{735CFEEE-5B77-4D36-977B-4CD94A6F3CDB}.Release|Any CPU.ActiveCfg = Release|Any CPU
		{735CFEEE-5B77-4D36-977B-4CD94A6F3CDB}.Release|Any CPU.Build.0 = Release|Any CPU
		{DFE01D83-BDBF-4B5C-95D5-9F1034597EDE}.Debug|Any CPU.ActiveCfg = Debug|Any CPU
		{DFE01D83-BDBF-4B5C-95D5-9F1034597EDE}.Debug|Any CPU.Build.0 = Debug|Any CPU
		{DFE01D83-BDBF-4B5C-95D5-9F1034597EDE}.Release|Any CPU.ActiveCfg = Release|Any CPU
		{DFE01D83-BDBF-4B5C-95D5-9F1034597EDE}.Release|Any CPU.Build.0 = Release|Any CPU
		{CDBBBF25-AD0C-4EAF-B673-EB0BB198585A}.Debug|Any CPU.ActiveCfg = Debug|Any CPU
		{CDBBBF25-AD0C-4EAF-B673-EB0BB198585A}.Debug|Any CPU.Build.0 = Debug|Any CPU
		{CDBBBF25-AD0C-4EAF-B673-EB0BB198585A}.Release|Any CPU.ActiveCfg = Release|Any CPU
		{CDBBBF25-AD0C-4EAF-B673-EB0BB198585A}.Release|Any CPU.Build.0 = Release|Any CPU
		{D3FD476C-9801-4861-8FA1-C3D57FF30C83}.Debug|Any CPU.ActiveCfg = Debug|Any CPU
		{D3FD476C-9801-4861-8FA1-C3D57FF30C83}.Debug|Any CPU.Build.0 = Debug|Any CPU
		{D3FD476C-9801-4861-8FA1-C3D57FF30C83}.Release|Any CPU.ActiveCfg = Release|Any CPU
		{D3FD476C-9801-4861-8FA1-C3D57FF30C83}.Release|Any CPU.Build.0 = Release|Any CPU
		{2EBA5F3C-E50E-4885-9990-B03553E9330D}.Debug|Any CPU.ActiveCfg = Debug|Any CPU
		{2EBA5F3C-E50E-4885-9990-B03553E9330D}.Debug|Any CPU.Build.0 = Debug|Any CPU
		{2EBA5F3C-E50E-4885-9990-B03553E9330D}.Release|Any CPU.ActiveCfg = Release|Any CPU
		{2EBA5F3C-E50E-4885-9990-B03553E9330D}.Release|Any CPU.Build.0 = Release|Any CPU
		{B6D8D3D7-AF6F-4A24-8830-8BC080E3586D}.Debug|Any CPU.ActiveCfg = Debug|Any CPU
		{B6D8D3D7-AF6F-4A24-8830-8BC080E3586D}.Debug|Any CPU.Build.0 = Debug|Any CPU
		{B6D8D3D7-AF6F-4A24-8830-8BC080E3586D}.Release|Any CPU.ActiveCfg = Release|Any CPU
		{B6D8D3D7-AF6F-4A24-8830-8BC080E3586D}.Release|Any CPU.Build.0 = Release|Any CPU
		{51B38AE6-BA27-439D-93CE-46F0691001F0}.Debug|Any CPU.ActiveCfg = Debug|Any CPU
		{51B38AE6-BA27-439D-93CE-46F0691001F0}.Debug|Any CPU.Build.0 = Debug|Any CPU
		{51B38AE6-BA27-439D-93CE-46F0691001F0}.Release|Any CPU.ActiveCfg = Release|Any CPU
		{51B38AE6-BA27-439D-93CE-46F0691001F0}.Release|Any CPU.Build.0 = Release|Any CPU
		{7D3D1D22-D547-4C6B-8396-681E54911F38}.Debug|Any CPU.ActiveCfg = Debug|Any CPU
		{7D3D1D22-D547-4C6B-8396-681E54911F38}.Debug|Any CPU.Build.0 = Debug|Any CPU
		{7D3D1D22-D547-4C6B-8396-681E54911F38}.Release|Any CPU.ActiveCfg = Release|Any CPU
		{7D3D1D22-D547-4C6B-8396-681E54911F38}.Release|Any CPU.Build.0 = Release|Any CPU
		{66D18DE1-4D66-41A5-B0E2-47DF9975495A}.Debug|Any CPU.ActiveCfg = Debug|Any CPU
		{66D18DE1-4D66-41A5-B0E2-47DF9975495A}.Debug|Any CPU.Build.0 = Debug|Any CPU
		{66D18DE1-4D66-41A5-B0E2-47DF9975495A}.Release|Any CPU.ActiveCfg = Release|Any CPU
		{66D18DE1-4D66-41A5-B0E2-47DF9975495A}.Release|Any CPU.Build.0 = Release|Any CPU
		{13A909DD-3791-4539-9C04-F72D9E755DCF}.Debug|Any CPU.ActiveCfg = Debug|Any CPU
		{13A909DD-3791-4539-9C04-F72D9E755DCF}.Debug|Any CPU.Build.0 = Debug|Any CPU
		{13A909DD-3791-4539-9C04-F72D9E755DCF}.Release|Any CPU.ActiveCfg = Release|Any CPU
		{13A909DD-3791-4539-9C04-F72D9E755DCF}.Release|Any CPU.Build.0 = Release|Any CPU
		{2343FF96-F8FF-4E51-9B95-C8DF58C83D96}.Debug|Any CPU.ActiveCfg = Debug|Any CPU
		{2343FF96-F8FF-4E51-9B95-C8DF58C83D96}.Debug|Any CPU.Build.0 = Debug|Any CPU
		{2343FF96-F8FF-4E51-9B95-C8DF58C83D96}.Release|Any CPU.ActiveCfg = Release|Any CPU
		{2343FF96-F8FF-4E51-9B95-C8DF58C83D96}.Release|Any CPU.Build.0 = Release|Any CPU
		{45C68E6E-3C4D-4B28-9B89-FF9F4CA467BF}.Debug|Any CPU.ActiveCfg = Debug|Any CPU
		{45C68E6E-3C4D-4B28-9B89-FF9F4CA467BF}.Debug|Any CPU.Build.0 = Debug|Any CPU
		{45C68E6E-3C4D-4B28-9B89-FF9F4CA467BF}.Release|Any CPU.ActiveCfg = Release|Any CPU
		{45C68E6E-3C4D-4B28-9B89-FF9F4CA467BF}.Release|Any CPU.Build.0 = Release|Any CPU
		{5C5D8468-1FA6-44DB-B196-003164FBB91A}.Debug|Any CPU.ActiveCfg = Debug|Any CPU
		{5C5D8468-1FA6-44DB-B196-003164FBB91A}.Debug|Any CPU.Build.0 = Debug|Any CPU
		{5C5D8468-1FA6-44DB-B196-003164FBB91A}.Release|Any CPU.ActiveCfg = Release|Any CPU
		{5C5D8468-1FA6-44DB-B196-003164FBB91A}.Release|Any CPU.Build.0 = Release|Any CPU
		{C0AEE3E3-9B2C-4364-9C14-2AC69EB059DF}.Debug|Any CPU.ActiveCfg = Debug|Any CPU
		{C0AEE3E3-9B2C-4364-9C14-2AC69EB059DF}.Debug|Any CPU.Build.0 = Debug|Any CPU
		{C0AEE3E3-9B2C-4364-9C14-2AC69EB059DF}.Release|Any CPU.ActiveCfg = Release|Any CPU
		{C0AEE3E3-9B2C-4364-9C14-2AC69EB059DF}.Release|Any CPU.Build.0 = Release|Any CPU
		{9AF16820-8F3A-4A6D-88D1-075897AFD00F}.Debug|Any CPU.ActiveCfg = Debug|Any CPU
		{9AF16820-8F3A-4A6D-88D1-075897AFD00F}.Debug|Any CPU.Build.0 = Debug|Any CPU
		{9AF16820-8F3A-4A6D-88D1-075897AFD00F}.Release|Any CPU.ActiveCfg = Release|Any CPU
		{9AF16820-8F3A-4A6D-88D1-075897AFD00F}.Release|Any CPU.Build.0 = Release|Any CPU
		{EBCBADAB-C5BE-440A-BE08-C660244D1F15}.Debug|Any CPU.ActiveCfg = Debug|Any CPU
		{EBCBADAB-C5BE-440A-BE08-C660244D1F15}.Debug|Any CPU.Build.0 = Debug|Any CPU
		{EBCBADAB-C5BE-440A-BE08-C660244D1F15}.Release|Any CPU.ActiveCfg = Release|Any CPU
		{EBCBADAB-C5BE-440A-BE08-C660244D1F15}.Release|Any CPU.Build.0 = Release|Any CPU
		{187FA0C1-E974-407F-AF69-18595B559867}.Debug|Any CPU.ActiveCfg = Debug|Any CPU
		{187FA0C1-E974-407F-AF69-18595B559867}.Debug|Any CPU.Build.0 = Debug|Any CPU
		{187FA0C1-E974-407F-AF69-18595B559867}.Release|Any CPU.ActiveCfg = Release|Any CPU
		{187FA0C1-E974-407F-AF69-18595B559867}.Release|Any CPU.Build.0 = Release|Any CPU
		{D372F747-28FF-486D-B5B3-1D37F10A9314}.Debug|Any CPU.ActiveCfg = Debug|Any CPU
		{D372F747-28FF-486D-B5B3-1D37F10A9314}.Debug|Any CPU.Build.0 = Debug|Any CPU
		{D372F747-28FF-486D-B5B3-1D37F10A9314}.Release|Any CPU.ActiveCfg = Release|Any CPU
		{D372F747-28FF-486D-B5B3-1D37F10A9314}.Release|Any CPU.Build.0 = Release|Any CPU
		{601BB5E7-557C-43FD-9FD4-136447473A56}.Debug|Any CPU.ActiveCfg = Debug|Any CPU
		{601BB5E7-557C-43FD-9FD4-136447473A56}.Debug|Any CPU.Build.0 = Debug|Any CPU
		{601BB5E7-557C-43FD-9FD4-136447473A56}.Release|Any CPU.ActiveCfg = Release|Any CPU
		{601BB5E7-557C-43FD-9FD4-136447473A56}.Release|Any CPU.Build.0 = Release|Any CPU
		{EBA3CB8F-6609-48EC-B98B-7B116FC926A3}.Debug|Any CPU.ActiveCfg = Debug|Any CPU
		{EBA3CB8F-6609-48EC-B98B-7B116FC926A3}.Debug|Any CPU.Build.0 = Debug|Any CPU
		{EBA3CB8F-6609-48EC-B98B-7B116FC926A3}.Release|Any CPU.ActiveCfg = Release|Any CPU
		{EBA3CB8F-6609-48EC-B98B-7B116FC926A3}.Release|Any CPU.Build.0 = Release|Any CPU
		{88B68D39-41A4-4C10-B942-0F3BE976D7A3}.Debug|Any CPU.ActiveCfg = Debug|Any CPU
		{88B68D39-41A4-4C10-B942-0F3BE976D7A3}.Debug|Any CPU.Build.0 = Debug|Any CPU
		{88B68D39-41A4-4C10-B942-0F3BE976D7A3}.Release|Any CPU.ActiveCfg = Release|Any CPU
		{88B68D39-41A4-4C10-B942-0F3BE976D7A3}.Release|Any CPU.Build.0 = Release|Any CPU
		{B56F2F0D-197A-4A29-A29A-1F92ECD81902}.Debug|Any CPU.ActiveCfg = Debug|Any CPU
		{B56F2F0D-197A-4A29-A29A-1F92ECD81902}.Debug|Any CPU.Build.0 = Debug|Any CPU
		{B56F2F0D-197A-4A29-A29A-1F92ECD81902}.Release|Any CPU.ActiveCfg = Release|Any CPU
		{B56F2F0D-197A-4A29-A29A-1F92ECD81902}.Release|Any CPU.Build.0 = Release|Any CPU
	EndGlobalSection
	GlobalSection(SolutionProperties) = preSolution
		HideSolutionNode = FALSE
	EndGlobalSection
	GlobalSection(ExtensibilityGlobals) = postSolution
		SolutionGuid = {89E49746-8D98-4197-8066-4A38856FBF40}
	EndGlobalSection
EndGlobal
