
Microsoft Visual Studio Solution File, Format Version 12.00
# Visual Studio 15
VisualStudioVersion = 15.0.27130.2003
MinimumVisualStudioVersion = 10.0.40219.1
Project("{FAE04EC0-301F-11D3-BF4B-00C04F79EFBC}") = "MultiCommentViewer", "MultiCommentViewer\MultiCommentViewer.csproj", "{1CAA4971-6CB9-4FB5-AC5E-BFC6BED83C87}"
	ProjectSection(ProjectDependencies) = postProject
		{13A909DD-3791-4539-9C04-F72D9E755DCF} = {13A909DD-3791-4539-9C04-F72D9E755DCF}
	EndProjectSection
EndProject
Project("{FAE04EC0-301F-11D3-BF4B-00C04F79EFBC}") = "SitePlugin", "ISitePlugin\SitePlugin.csproj", "{C13BFDF0-3B93-475F-900E-E7BAD97ACE3D}"
EndProject
Project("{FAE04EC0-301F-11D3-BF4B-00C04F79EFBC}") = "Plugin", "IPlugin\Plugin.csproj", "{735CFEEE-5B77-4D36-977B-4CD94A6F3CDB}"
EndProject
Project("{FAE04EC0-301F-11D3-BF4B-00C04F79EFBC}") = "BrowserCookieImplementations", "BrowserCookieImplementations\BrowserCookieImplementations.csproj", "{DFE01D83-BDBF-4B5C-95D5-9F1034597EDE}"
EndProject
Project("{FAE04EC0-301F-11D3-BF4B-00C04F79EFBC}") = "BrowserCookieInterfaces", "BrowserCookieInterfaces\BrowserCookieInterfaces.csproj", "{CDBBBF25-AD0C-4EAF-B673-EB0BB198585A}"
EndProject
Project("{FAE04EC0-301F-11D3-BF4B-00C04F79EFBC}") = "YouTubeLiveSitePlugin", "YouTubeLiveSitePlugin\YouTubeLiveSitePlugin.csproj", "{D3FD476C-9801-4861-8FA1-C3D57FF30C83}"
EndProject
Project("{FAE04EC0-301F-11D3-BF4B-00C04F79EFBC}") = "NicoSitePlugin", "NicoSitePlugin\NicoSitePlugin.csproj", "{2EBA5F3C-E50E-4885-9990-B03553E9330D}"
EndProject
Project("{FAE04EC0-301F-11D3-BF4B-00C04F79EFBC}") = "MultiCommentViewerTests", "MultiCommentViewerTests\MultiCommentViewerTests.csproj", "{B6D8D3D7-AF6F-4A24-8830-8BC080E3586D}"
EndProject
Project("{FAE04EC0-301F-11D3-BF4B-00C04F79EFBC}") = "YouTubeLiveSitePluginTests", "YouTubeLiveSitePluginTests\YouTubeLiveSitePluginTests.csproj", "{51B38AE6-BA27-439D-93CE-46F0691001F0}"
EndProject
Project("{FAE04EC0-301F-11D3-BF4B-00C04F79EFBC}") = "NicoSitePluginTests", "NicoSitePluginTests\NicoSitePluginTests.csproj", "{7D3D1D22-D547-4C6B-8396-681E54911F38}"
EndProject
Project("{FAE04EC0-301F-11D3-BF4B-00C04F79EFBC}") = "Common", "Common\Common.csproj", "{66D18DE1-4D66-41A5-B0E2-47DF9975495A}"
EndProject
Project("{FAE04EC0-301F-11D3-BF4B-00C04F79EFBC}") = "BouyomiPlugin", "BouyomiPlugin\BouyomiPlugin.csproj", "{13A909DD-3791-4539-9C04-F72D9E755DCF}"
EndProject
Project("{FAE04EC0-301F-11D3-BF4B-00C04F79EFBC}") = "NicoCommentProviderTestClient", "NicoCommentProviderTestClient\NicoCommentProviderTestClient.csproj", "{2343FF96-F8FF-4E51-9B95-C8DF58C83D96}"
EndProject
Global
	GlobalSection(SolutionConfigurationPlatforms) = preSolution
		Debug|Any CPU = Debug|Any CPU
		Release|Any CPU = Release|Any CPU
	EndGlobalSection
	GlobalSection(ProjectConfigurationPlatforms) = postSolution
		{1CAA4971-6CB9-4FB5-AC5E-BFC6BED83C87}.Debug|Any CPU.ActiveCfg = Debug|Any CPU
		{1CAA4971-6CB9-4FB5-AC5E-BFC6BED83C87}.Debug|Any CPU.Build.0 = Debug|Any CPU
		{1CAA4971-6CB9-4FB5-AC5E-BFC6BED83C87}.Release|Any CPU.ActiveCfg = Release|Any CPU
		{1CAA4971-6CB9-4FB5-AC5E-BFC6BED83C87}.Release|Any CPU.Build.0 = Release|Any CPU
		{C13BFDF0-3B93-475F-900E-E7BAD97ACE3D}.Debug|Any CPU.ActiveCfg = Debug|Any CPU
		{C13BFDF0-3B93-475F-900E-E7BAD97ACE3D}.Debug|Any CPU.Build.0 = Debug|Any CPU
		{C13BFDF0-3B93-475F-900E-E7BAD97ACE3D}.Release|Any CPU.ActiveCfg = Release|Any CPU
		{C13BFDF0-3B93-475F-900E-E7BAD97ACE3D}.Release|Any CPU.Build.0 = Release|Any CPU
		{735CFEEE-5B77-4D36-977B-4CD94A6F3CDB}.Debug|Any CPU.ActiveCfg = Debug|Any CPU
		{735CFEEE-5B77-4D36-977B-4CD94A6F3CDB}.Debug|Any CPU.Build.0 = Debug|Any CPU
		{735CFEEE-5B77-4D36-977B-4CD94A6F3CDB}.Release|Any CPU.ActiveCfg = Release|Any CPU
		{735CFEEE-5B77-4D36-977B-4CD94A6F3CDB}.Release|Any CPU.Build.0 = Release|Any CPU
		{DFE01D83-BDBF-4B5C-95D5-9F1034597EDE}.Debug|Any CPU.ActiveCfg = Debug|Any CPU
		{DFE01D83-BDBF-4B5C-95D5-9F1034597EDE}.Debug|Any CPU.Build.0 = Debug|Any CPU
		{DFE01D83-BDBF-4B5C-95D5-9F1034597EDE}.Release|Any CPU.ActiveCfg = Release|Any CPU
		{DFE01D83-BDBF-4B5C-95D5-9F1034597EDE}.Release|Any CPU.Build.0 = Release|Any CPU
		{CDBBBF25-AD0C-4EAF-B673-EB0BB198585A}.Debug|Any CPU.ActiveCfg = Debug|Any CPU
		{CDBBBF25-AD0C-4EAF-B673-EB0BB198585A}.Debug|Any CPU.Build.0 = Debug|Any CPU
		{CDBBBF25-AD0C-4EAF-B673-EB0BB198585A}.Release|Any CPU.ActiveCfg = Release|Any CPU
		{CDBBBF25-AD0C-4EAF-B673-EB0BB198585A}.Release|Any CPU.Build.0 = Release|Any CPU
		{D3FD476C-9801-4861-8FA1-C3D57FF30C83}.Debug|Any CPU.ActiveCfg = Debug|Any CPU
		{D3FD476C-9801-4861-8FA1-C3D57FF30C83}.Debug|Any CPU.Build.0 = Debug|Any CPU
		{D3FD476C-9801-4861-8FA1-C3D57FF30C83}.Release|Any CPU.ActiveCfg = Release|Any CPU
		{D3FD476C-9801-4861-8FA1-C3D57FF30C83}.Release|Any CPU.Build.0 = Release|Any CPU
		{2EBA5F3C-E50E-4885-9990-B03553E9330D}.Debug|Any CPU.ActiveCfg = Debug|Any CPU
		{2EBA5F3C-E50E-4885-9990-B03553E9330D}.Debug|Any CPU.Build.0 = Debug|Any CPU
		{2EBA5F3C-E50E-4885-9990-B03553E9330D}.Release|Any CPU.ActiveCfg = Release|Any CPU
		{2EBA5F3C-E50E-4885-9990-B03553E9330D}.Release|Any CPU.Build.0 = Release|Any CPU
		{B6D8D3D7-AF6F-4A24-8830-8BC080E3586D}.Debug|Any CPU.ActiveCfg = Debug|Any CPU
		{B6D8D3D7-AF6F-4A24-8830-8BC080E3586D}.Debug|Any CPU.Build.0 = Debug|Any CPU
		{B6D8D3D7-AF6F-4A24-8830-8BC080E3586D}.Release|Any CPU.ActiveCfg = Release|Any CPU
		{B6D8D3D7-AF6F-4A24-8830-8BC080E3586D}.Release|Any CPU.Build.0 = Release|Any CPU
		{51B38AE6-BA27-439D-93CE-46F0691001F0}.Debug|Any CPU.ActiveCfg = Debug|Any CPU
		{51B38AE6-BA27-439D-93CE-46F0691001F0}.Debug|Any CPU.Build.0 = Debug|Any CPU
		{51B38AE6-BA27-439D-93CE-46F0691001F0}.Release|Any CPU.ActiveCfg = Release|Any CPU
		{51B38AE6-BA27-439D-93CE-46F0691001F0}.Release|Any CPU.Build.0 = Release|Any CPU
		{7D3D1D22-D547-4C6B-8396-681E54911F38}.Debug|Any CPU.ActiveCfg = Debug|Any CPU
		{7D3D1D22-D547-4C6B-8396-681E54911F38}.Debug|Any CPU.Build.0 = Debug|Any CPU
		{7D3D1D22-D547-4C6B-8396-681E54911F38}.Release|Any CPU.ActiveCfg = Release|Any CPU
		{7D3D1D22-D547-4C6B-8396-681E54911F38}.Release|Any CPU.Build.0 = Release|Any CPU
		{66D18DE1-4D66-41A5-B0E2-47DF9975495A}.Debug|Any CPU.ActiveCfg = Debug|Any CPU
		{66D18DE1-4D66-41A5-B0E2-47DF9975495A}.Debug|Any CPU.Build.0 = Debug|Any CPU
		{66D18DE1-4D66-41A5-B0E2-47DF9975495A}.Release|Any CPU.ActiveCfg = Release|Any CPU
		{66D18DE1-4D66-41A5-B0E2-47DF9975495A}.Release|Any CPU.Build.0 = Release|Any CPU
		{13A909DD-3791-4539-9C04-F72D9E755DCF}.Debug|Any CPU.ActiveCfg = Debug|Any CPU
		{13A909DD-3791-4539-9C04-F72D9E755DCF}.Debug|Any CPU.Build.0 = Debug|Any CPU
		{13A909DD-3791-4539-9C04-F72D9E755DCF}.Release|Any CPU.ActiveCfg = Release|Any CPU
		{13A909DD-3791-4539-9C04-F72D9E755DCF}.Release|Any CPU.Build.0 = Release|Any CPU
		{2343FF96-F8FF-4E51-9B95-C8DF58C83D96}.Debug|Any CPU.ActiveCfg = Debug|Any CPU
		{2343FF96-F8FF-4E51-9B95-C8DF58C83D96}.Debug|Any CPU.Build.0 = Debug|Any CPU
		{2343FF96-F8FF-4E51-9B95-C8DF58C83D96}.Release|Any CPU.ActiveCfg = Release|Any CPU
		{2343FF96-F8FF-4E51-9B95-C8DF58C83D96}.Release|Any CPU.Build.0 = Release|Any CPU
	EndGlobalSection
	GlobalSection(SolutionProperties) = preSolution
		HideSolutionNode = FALSE
	EndGlobalSection
	GlobalSection(ExtensibilityGlobals) = postSolution
		SolutionGuid = {89E49746-8D98-4197-8066-4A38856FBF40}
	EndGlobalSection
EndGlobal
