
Microsoft Visual Studio Solution File, Format Version 12.00
# Visual Studio Version 17
VisualStudioVersion = 17.0.31825.309
MinimumVisualStudioVersion = 10.0.40219.1
Project("{9A19103F-16F7-4668-BE54-9A1E7A4F7556}") = "MultiCommentViewer", "MultiCommentViewer\MultiCommentViewer.csproj", "{1CAA4971-6CB9-4FB5-AC5E-BFC6BED83C87}"
	ProjectSection(ProjectDependencies) = postProject
		{88B68D39-41A4-4C10-B942-0F3BE976D7A3} = {88B68D39-41A4-4C10-B942-0F3BE976D7A3}
		{A39D3546-FB5F-41FC-AAE0-2AC1B5C61ECF} = {A39D3546-FB5F-41FC-AAE0-2AC1B5C61ECF}
		{5C5D8468-1FA6-44DB-B196-003164FBB91A} = {5C5D8468-1FA6-44DB-B196-003164FBB91A}
		{EF2FABAC-9D97-4FFC-8FEE-B4FBDEA0CF34} = {EF2FABAC-9D97-4FFC-8FEE-B4FBDEA0CF34}
		{A04C3DC9-78CB-4DB2-B8BA-0D462A64314F} = {A04C3DC9-78CB-4DB2-B8BA-0D462A64314F}
		{4098E8D6-7954-4B24-96C9-1CFC6BC8A654} = {4098E8D6-7954-4B24-96C9-1CFC6BC8A654}
		{13A909DD-3791-4539-9C04-F72D9E755DCF} = {13A909DD-3791-4539-9C04-F72D9E755DCF}
		{8C6AB9F7-E1C9-4B2A-9F17-E51E32EA43CC} = {8C6AB9F7-E1C9-4B2A-9F17-E51E32EA43CC}
	EndProjectSection
EndProject
Project("{9A19103F-16F7-4668-BE54-9A1E7A4F7556}") = "MultiCommentViewerTests", "MultiCommentViewerTests\MultiCommentViewerTests.csproj", "{B6D8D3D7-AF6F-4A24-8830-8BC080E3586D}"
EndProject
Project("{9A19103F-16F7-4668-BE54-9A1E7A4F7556}") = "TwitchSitePlugin", "TwitchSitePlugin\TwitchSitePlugin.csproj", "{45C68E6E-3C4D-4B28-9B89-FF9F4CA467BF}"
EndProject
Project("{9A19103F-16F7-4668-BE54-9A1E7A4F7556}") = "TwitchSitePluginTests", "TwitchSitePluginTests\TwitchSitePluginTests.csproj", "{5C5D8468-1FA6-44DB-B196-003164FBB91A}"
EndProject
Project("{9A19103F-16F7-4668-BE54-9A1E7A4F7556}") = "TwicasSitePlugin", "TwicasSitePlugin\TwicasSitePlugin.csproj", "{EBCBADAB-C5BE-440A-BE08-C660244D1F15}"
EndProject
Project("{9A19103F-16F7-4668-BE54-9A1E7A4F7556}") = "TwicasSitePluginTests", "TwicasSitePluginTests\TwicasSitePluginTests.csproj", "{EF2FABAC-9D97-4FFC-8FEE-B4FBDEA0CF34}"
EndProject
Project("{9A19103F-16F7-4668-BE54-9A1E7A4F7556}") = "LineLiveSitePlugin", "LineLiveSitePlugin\LineLiveSitePlugin.csproj", "{33C8AFD8-24F3-481E-AD0C-9F24AD6CDEE4}"
EndProject
Project("{9A19103F-16F7-4668-BE54-9A1E7A4F7556}") = "LineLiveSitePluginTests", "LineLiveSitePluginTests\LineLiveSitePluginTests.csproj", "{040CCABD-A332-4DD3-8C8C-6C49CA0A7E47}"
EndProject
Project("{9A19103F-16F7-4668-BE54-9A1E7A4F7556}") = "MirrativIF", "MirrativIF\MirrativIF.csproj", "{D2C2C0AF-3A29-45F7-B653-CF20AACAA051}"
EndProject
Project("{9A19103F-16F7-4668-BE54-9A1E7A4F7556}") = "MirrativSitePlugin", "MirrativSitePlugin\MirrativSitePlugin.csproj", "{C6F57847-D6C3-4F64-B0A4-C778D7CEA333}"
EndProject
Project("{9A19103F-16F7-4668-BE54-9A1E7A4F7556}") = "MirrativSitePluginTests", "MirrativSitePluginTests\MirrativSitePluginTests.csproj", "{3F84B446-A643-4959-8D2A-3D24A5C8B677}"
EndProject
Project("{9A19103F-16F7-4668-BE54-9A1E7A4F7556}") = "WhowatchIF", "WhowatchIF\WhowatchIF.csproj", "{5A83AFC8-E6CE-4DD2-8389-1F43A731388F}"
EndProject
Project("{9A19103F-16F7-4668-BE54-9A1E7A4F7556}") = "YouTubeLiveIF", "YouTubeLiveIF\YouTubeLiveIF.csproj", "{83974E62-4D55-4E67-8F88-BBFF2222E5A1}"
EndProject
Project("{9A19103F-16F7-4668-BE54-9A1E7A4F7556}") = "YouTubeLiveSitePlugin", "YouTubeLiveSitePlugin\YouTubeLiveSitePlugin.csproj", "{D3FD476C-9801-4861-8FA1-C3D57FF30C83}"
EndProject
Project("{9A19103F-16F7-4668-BE54-9A1E7A4F7556}") = "YouTubeLiveSitePluginTests", "YouTubeLiveSitePluginTests\YouTubeLiveSitePluginTests.csproj", "{A39D3546-FB5F-41FC-AAE0-2AC1B5C61ECF}"
EndProject
Project("{9A19103F-16F7-4668-BE54-9A1E7A4F7556}") = "WhowatchSitePlugin", "WhowatchSitePlugin\WhowatchSitePlugin.csproj", "{92BDC986-1D50-48A3-9A94-5A94A285C53D}"
EndProject
Project("{9A19103F-16F7-4668-BE54-9A1E7A4F7556}") = "BouyomiPlugin", "BouyomiPlugin\BouyomiPlugin.csproj", "{13A909DD-3791-4539-9C04-F72D9E755DCF}"
EndProject
Project("{9A19103F-16F7-4668-BE54-9A1E7A4F7556}") = "BrowserCookieImplementations", "BrowserCookieImplementations\BrowserCookieImplementations.csproj", "{DFE01D83-BDBF-4B5C-95D5-9F1034597EDE}"
EndProject
Project("{9A19103F-16F7-4668-BE54-9A1E7A4F7556}") = "BrowserCookieInterfaces", "BrowserCookieInterfaces\BrowserCookieInterfaces.csproj", "{CDBBBF25-AD0C-4EAF-B673-EB0BB198585A}"
EndProject
Project("{9A19103F-16F7-4668-BE54-9A1E7A4F7556}") = "CommentGeneratorPlugin", "CommentGeneratorPlugin\CommentGeneratorPlugin.csproj", "{88B68D39-41A4-4C10-B942-0F3BE976D7A3}"
EndProject
Project("{9A19103F-16F7-4668-BE54-9A1E7A4F7556}") = "CommentViewerCommon", "CommentViewerCommon\CommentViewerCommon.csproj", "{18A7A590-4C58-4755-A24C-6EDA52E0C3EB}"
EndProject
Project("{9A19103F-16F7-4668-BE54-9A1E7A4F7556}") = "Common", "Common\Common.csproj", "{66D18DE1-4D66-41A5-B0E2-47DF9975495A}"
EndProject
Project("{9A19103F-16F7-4668-BE54-9A1E7A4F7556}") = "Plugin", "IPlugin\Plugin.csproj", "{735CFEEE-5B77-4D36-977B-4CD94A6F3CDB}"
EndProject
Project("{9A19103F-16F7-4668-BE54-9A1E7A4F7556}") = "SitePlugin", "ISitePlugin\SitePlugin.csproj", "{C13BFDF0-3B93-475F-900E-E7BAD97ACE3D}"
EndProject
Project("{9A19103F-16F7-4668-BE54-9A1E7A4F7556}") = "SitePluginCommon", "SitePluginCommon\SitePluginCommon.csproj", "{AAF4779F-F8BF-4794-A6E8-4ED88A8B6B68}"
EndProject
Project("{9A19103F-16F7-4668-BE54-9A1E7A4F7556}") = "YoyakuPlugin", "YoyakuPlugin\YoyakuPlugin.csproj", "{A04C3DC9-78CB-4DB2-B8BA-0D462A64314F}"
EndProject
Project("{9A19103F-16F7-4668-BE54-9A1E7A4F7556}") = "YoyakuPluginTests", "YoyakuPluginTests\YoyakuPluginTests.csproj", "{EC145D56-C6AA-4A3E-8D33-14DC562B8A84}"
EndProject
Project("{9A19103F-16F7-4668-BE54-9A1E7A4F7556}") = "WhowatchSitePluginTests", "WhowatchSitePluginTests\WhowatchSitePluginTests.csproj", "{4098E8D6-7954-4B24-96C9-1CFC6BC8A654}"
EndProject
Project("{9A19103F-16F7-4668-BE54-9A1E7A4F7556}") = "OpenrecSitePlugin", "OpenrecSitePlugin\OpenrecSitePlugin.csproj", "{B56F2F0D-197A-4A29-A29A-1F92ECD81902}"
EndProject
Project("{9A19103F-16F7-4668-BE54-9A1E7A4F7556}") = "OpenrecSitePluginTests", "OpenrecSitePluginTests\OpenrecSitePluginTests.csproj", "{8C6AB9F7-E1C9-4B2A-9F17-E51E32EA43CC}"
EndProject
Project("{9A19103F-16F7-4668-BE54-9A1E7A4F7556}") = "TwitchIF", "TwitchIF\TwitchIF.csproj", "{AA70074D-1C40-4CC0-9E1C-7ACDCBDD7D32}"
EndProject
Project("{9A19103F-16F7-4668-BE54-9A1E7A4F7556}") = "OpenrecIF", "OpenrecIF\OpenrecIF.csproj", "{02A55625-E735-4909-A470-E8405EEE1A32}"
EndProject
Project("{9A19103F-16F7-4668-BE54-9A1E7A4F7556}") = "LineLiveIF", "LineLiveIF\LineLiveIF.csproj", "{C45009CE-C7BA-4A23-AE39-1F8CC5339B2F}"
EndProject
Project("{9A19103F-16F7-4668-BE54-9A1E7A4F7556}") = "NicoLiveIF", "NicoLiveIF\NicoLiveIF.csproj", "{DAF5E126-C37F-4181-AAE5-89E8FC89AAE4}"
EndProject
Project("{9A19103F-16F7-4668-BE54-9A1E7A4F7556}") = "CommentGeneratorPluginTests", "CommentGeneratorPluginTests\CommentGeneratorPluginTests.csproj", "{E5C007C8-34BB-4BEB-9076-50EECE6CDF1B}"
EndProject
Project("{9A19103F-16F7-4668-BE54-9A1E7A4F7556}") = "SitePluginCommonTests", "SitePluginCommonTests\SitePluginCommonTests.csproj", "{A557E924-6F0F-48EC-8A73-4809F324697B}"
EndProject
Project("{9A19103F-16F7-4668-BE54-9A1E7A4F7556}") = "SitePluginTests", "SitePluginTests\SitePluginTests.csproj", "{32B23AE7-6708-41B3-BCE7-3BB730E2E70B}"
EndProject
Project("{9A19103F-16F7-4668-BE54-9A1E7A4F7556}") = "TwicasIF", "TwicasIF\TwicasIF.csproj", "{4DA33B17-792D-44D7-93F6-D0561788676D}"
EndProject
Project("{9A19103F-16F7-4668-BE54-9A1E7A4F7556}") = "TestSitePlugin", "TestSitePlugin\TestSitePlugin.csproj", "{74CCA5B2-D0BA-4839-9E2B-EFCF309835E5}"
EndProject
Project("{9A19103F-16F7-4668-BE54-9A1E7A4F7556}") = "TestSiteIF", "TestSiteIF\TestSiteIF.csproj", "{FF176BCD-7F7E-4C42-9E8D-17912097B3C7}"
EndProject
Project("{9A19103F-16F7-4668-BE54-9A1E7A4F7556}") = "BrowserCookieImplementationsTests", "BrowserCookieImplementationsTests\BrowserCookieImplementationsTests.csproj", "{EF214EB0-699D-4CF9-9CA5-2FC49B1BEDB4}"
EndProject
Project("{9A19103F-16F7-4668-BE54-9A1E7A4F7556}") = "CommonTests", "CommonTests\CommonTests.csproj", "{DF8D5DB8-FA0E-4C7D-90B4-5BD74793E32F}"
EndProject
Project("{9A19103F-16F7-4668-BE54-9A1E7A4F7556}") = "PeriscopeSitePlugin", "PeriscopeSitePlugin\PeriscopeSitePlugin.csproj", "{95335A9E-4A33-45BB-8D5E-10D3C7C34BC1}"
EndProject
Project("{9A19103F-16F7-4668-BE54-9A1E7A4F7556}") = "PeriscopeIF", "PeriscopeIF\PeriscopeIF.csproj", "{242D4286-7214-422F-BE7C-BE784C815E0F}"
EndProject
Project("{9A19103F-16F7-4668-BE54-9A1E7A4F7556}") = "PeriscopeSitePluginTests", "PeriscopeSitePluginTests\PeriscopeSitePluginTests.csproj", "{C2507D74-AD66-4B14-8C1A-557B30D9E472}"
EndProject
Project("{9A19103F-16F7-4668-BE54-9A1E7A4F7556}") = "ShowRoomSitePlugin", "ShowRoomSitePlugin\ShowRoomSitePlugin.csproj", "{3CB5F930-60CA-4430-8B79-3106868A7F51}"
EndProject
Project("{9A19103F-16F7-4668-BE54-9A1E7A4F7556}") = "ShowRoomIF", "ShowRoomIF\ShowRoomIF.csproj", "{9D866A6C-39D6-470A-A25D-F704A2A28A23}"
EndProject
Project("{9A19103F-16F7-4668-BE54-9A1E7A4F7556}") = "ShowRoomSitePluginTests", "ShowRoomSitePluginTests\ShowRoomSitePluginTests.csproj", "{AFC8CDCD-02E7-4517-8A8B-3623B913F6C7}"
EndProject
Project("{9A19103F-16F7-4668-BE54-9A1E7A4F7556}") = "MildomSitePlugin", "MildomSitePlugin\MildomSitePlugin.csproj", "{991729D3-3CE5-4B4E-B48F-90DD196DC0E4}"
EndProject
Project("{9A19103F-16F7-4668-BE54-9A1E7A4F7556}") = "MildomIF", "MildomIF\MildomIF.csproj", "{FD868431-6667-4394-89DF-44764AAFCAE5}"
EndProject
Project("{9A19103F-16F7-4668-BE54-9A1E7A4F7556}") = "MildomSitePluginTests", "MildomSitePluginTests\MildomSitePluginTests.csproj", "{F4E9C5B4-F2C4-4FFA-A2ED-65CF9B7EB8CB}"
EndProject
Project("{9A19103F-16F7-4668-BE54-9A1E7A4F7556}") = "PluginCommon", "PluginCommon\PluginCommon.csproj", "{29482B94-D6B4-4D4D-ABDC-028606C22333}"
EndProject
Project("{9A19103F-16F7-4668-BE54-9A1E7A4F7556}") = "PluginCommonTests", "PluginCommonTests\PluginCommonTests.csproj", "{2787460A-2EF2-412D-8989-A1223D2FCEE0}"
EndProject
Project("{9A19103F-16F7-4668-BE54-9A1E7A4F7556}") = "BigoIF", "BigoIF\BigoIF.csproj", "{6E6AED10-D8E4-4C61-A26A-CB063EBDBE2A}"
EndProject
Project("{9A19103F-16F7-4668-BE54-9A1E7A4F7556}") = "BigoSitePlugin", "BigoSitePlugin\BigoSitePlugin.csproj", "{A1A18F87-CC82-480D-9902-99E5BA1A5551}"
EndProject
Project("{9A19103F-16F7-4668-BE54-9A1E7A4F7556}") = "BigoSitePluginTests", "BigoSitePluginTests\BigoSitePluginTests.csproj", "{BBFBB5E0-BCCF-41EF-B650-AFC9774C0D5D}"
EndProject
Project("{9A19103F-16F7-4668-BE54-9A1E7A4F7556}") = "NicoSitePlugin2", "NicoSitePlugin2\NicoSitePlugin2.csproj", "{D29602F8-B7D7-440F-AF04-4FEF74A2EFCB}"
EndProject
Project("{9A19103F-16F7-4668-BE54-9A1E7A4F7556}") = "MixchIF", "MixchIF\MixchIF.csproj", "{06C52FBC-C9F9-4E80-8064-79F5D242ED95}"
EndProject
Project("{9A19103F-16F7-4668-BE54-9A1E7A4F7556}") = "MixchSitePlugin", "MixchSitePlugin\MixchSitePlugin.csproj", "{2528F495-6AEA-4D85-9F25-783BC8D6D4A6}"
EndProject
Project("{9A19103F-16F7-4668-BE54-9A1E7A4F7556}") = "YouTubeLiveMessageParser", "YouTubeLiveMessageParser\YouTubeLiveMessageParser\YouTubeLiveMessageParser.csproj", "{130F34E8-5231-476B-B1AA-4D92E277E32A}"
EndProject
Project("{9A19103F-16F7-4668-BE54-9A1E7A4F7556}") = "YouTubeLiveMessageParserIF", "YouTubeLiveMessageParser\YouTubeLiveMessageParserIF\YouTubeLiveMessageParserIF.csproj", "{6AB3407D-4898-42C7-A329-3220312BAC66}"
EndProject
Project("{9A19103F-16F7-4668-BE54-9A1E7A4F7556}") = "YouTubeLiveMessageParserTests", "YouTubeLiveMessageParser\YouTubeLiveSitePluginTests\YouTubeLiveMessageParserTests.csproj", "{8FD19D9D-DBDA-4015-9F2C-0166226ACD1A}"
EndProject
Project("{9A19103F-16F7-4668-BE54-9A1E7A4F7556}") = "BLiveIF", "BLiveIF\BLiveIF.csproj", "{8D7D6744-DDEC-4156-9D9E-4DC2875CC3EA}"
EndProject
Project("{9A19103F-16F7-4668-BE54-9A1E7A4F7556}") = "BLiveSitePlugin", "BLiveSitePlugin\BLiveSitePlugin.csproj", "{5CD1D350-8F85-41AE-8102-9AB33135FE9D}"
EndProject
Global
	GlobalSection(SolutionConfigurationPlatforms) = preSolution
		Alpha|Any CPU = Alpha|Any CPU
		Beta|Any CPU = Beta|Any CPU
		Debug|Any CPU = Debug|Any CPU
		Release|Any CPU = Release|Any CPU
	EndGlobalSection
	GlobalSection(ProjectConfigurationPlatforms) = postSolution
		{1CAA4971-6CB9-4FB5-AC5E-BFC6BED83C87}.Alpha|Any CPU.ActiveCfg = Alpha|Any CPU
		{1CAA4971-6CB9-4FB5-AC5E-BFC6BED83C87}.Alpha|Any CPU.Build.0 = Alpha|Any CPU
		{1CAA4971-6CB9-4FB5-AC5E-BFC6BED83C87}.Beta|Any CPU.ActiveCfg = Beta|Any CPU
		{1CAA4971-6CB9-4FB5-AC5E-BFC6BED83C87}.Beta|Any CPU.Build.0 = Beta|Any CPU
		{1CAA4971-6CB9-4FB5-AC5E-BFC6BED83C87}.Debug|Any CPU.ActiveCfg = Debug|Any CPU
		{1CAA4971-6CB9-4FB5-AC5E-BFC6BED83C87}.Debug|Any CPU.Build.0 = Debug|Any CPU
		{1CAA4971-6CB9-4FB5-AC5E-BFC6BED83C87}.Release|Any CPU.ActiveCfg = Release|Any CPU
		{1CAA4971-6CB9-4FB5-AC5E-BFC6BED83C87}.Release|Any CPU.Build.0 = Release|Any CPU
		{B6D8D3D7-AF6F-4A24-8830-8BC080E3586D}.Alpha|Any CPU.ActiveCfg = Alpha|Any CPU
		{B6D8D3D7-AF6F-4A24-8830-8BC080E3586D}.Alpha|Any CPU.Build.0 = Alpha|Any CPU
		{B6D8D3D7-AF6F-4A24-8830-8BC080E3586D}.Beta|Any CPU.ActiveCfg = Beta|Any CPU
		{B6D8D3D7-AF6F-4A24-8830-8BC080E3586D}.Beta|Any CPU.Build.0 = Beta|Any CPU
		{B6D8D3D7-AF6F-4A24-8830-8BC080E3586D}.Debug|Any CPU.ActiveCfg = Debug|Any CPU
		{B6D8D3D7-AF6F-4A24-8830-8BC080E3586D}.Debug|Any CPU.Build.0 = Debug|Any CPU
		{B6D8D3D7-AF6F-4A24-8830-8BC080E3586D}.Release|Any CPU.ActiveCfg = Release|Any CPU
		{B6D8D3D7-AF6F-4A24-8830-8BC080E3586D}.Release|Any CPU.Build.0 = Release|Any CPU
		{45C68E6E-3C4D-4B28-9B89-FF9F4CA467BF}.Alpha|Any CPU.ActiveCfg = Alpha|Any CPU
		{45C68E6E-3C4D-4B28-9B89-FF9F4CA467BF}.Alpha|Any CPU.Build.0 = Alpha|Any CPU
		{45C68E6E-3C4D-4B28-9B89-FF9F4CA467BF}.Beta|Any CPU.ActiveCfg = Beta|Any CPU
		{45C68E6E-3C4D-4B28-9B89-FF9F4CA467BF}.Beta|Any CPU.Build.0 = Beta|Any CPU
		{45C68E6E-3C4D-4B28-9B89-FF9F4CA467BF}.Debug|Any CPU.ActiveCfg = Debug|Any CPU
		{45C68E6E-3C4D-4B28-9B89-FF9F4CA467BF}.Debug|Any CPU.Build.0 = Debug|Any CPU
		{45C68E6E-3C4D-4B28-9B89-FF9F4CA467BF}.Release|Any CPU.ActiveCfg = Release|Any CPU
		{45C68E6E-3C4D-4B28-9B89-FF9F4CA467BF}.Release|Any CPU.Build.0 = Release|Any CPU
		{5C5D8468-1FA6-44DB-B196-003164FBB91A}.Alpha|Any CPU.ActiveCfg = Alpha|Any CPU
		{5C5D8468-1FA6-44DB-B196-003164FBB91A}.Alpha|Any CPU.Build.0 = Alpha|Any CPU
		{5C5D8468-1FA6-44DB-B196-003164FBB91A}.Beta|Any CPU.ActiveCfg = Beta|Any CPU
		{5C5D8468-1FA6-44DB-B196-003164FBB91A}.Beta|Any CPU.Build.0 = Beta|Any CPU
		{5C5D8468-1FA6-44DB-B196-003164FBB91A}.Debug|Any CPU.ActiveCfg = Debug|Any CPU
		{5C5D8468-1FA6-44DB-B196-003164FBB91A}.Debug|Any CPU.Build.0 = Debug|Any CPU
		{5C5D8468-1FA6-44DB-B196-003164FBB91A}.Release|Any CPU.ActiveCfg = Release|Any CPU
		{5C5D8468-1FA6-44DB-B196-003164FBB91A}.Release|Any CPU.Build.0 = Release|Any CPU
		{EBCBADAB-C5BE-440A-BE08-C660244D1F15}.Alpha|Any CPU.ActiveCfg = Alpha|Any CPU
		{EBCBADAB-C5BE-440A-BE08-C660244D1F15}.Alpha|Any CPU.Build.0 = Alpha|Any CPU
		{EBCBADAB-C5BE-440A-BE08-C660244D1F15}.Beta|Any CPU.ActiveCfg = Beta|Any CPU
		{EBCBADAB-C5BE-440A-BE08-C660244D1F15}.Beta|Any CPU.Build.0 = Beta|Any CPU
		{EBCBADAB-C5BE-440A-BE08-C660244D1F15}.Debug|Any CPU.ActiveCfg = Debug|Any CPU
		{EBCBADAB-C5BE-440A-BE08-C660244D1F15}.Debug|Any CPU.Build.0 = Debug|Any CPU
		{EBCBADAB-C5BE-440A-BE08-C660244D1F15}.Release|Any CPU.ActiveCfg = Release|Any CPU
		{EBCBADAB-C5BE-440A-BE08-C660244D1F15}.Release|Any CPU.Build.0 = Release|Any CPU
		{EF2FABAC-9D97-4FFC-8FEE-B4FBDEA0CF34}.Alpha|Any CPU.ActiveCfg = Alpha|Any CPU
		{EF2FABAC-9D97-4FFC-8FEE-B4FBDEA0CF34}.Alpha|Any CPU.Build.0 = Alpha|Any CPU
		{EF2FABAC-9D97-4FFC-8FEE-B4FBDEA0CF34}.Beta|Any CPU.ActiveCfg = Beta|Any CPU
		{EF2FABAC-9D97-4FFC-8FEE-B4FBDEA0CF34}.Beta|Any CPU.Build.0 = Beta|Any CPU
		{EF2FABAC-9D97-4FFC-8FEE-B4FBDEA0CF34}.Debug|Any CPU.ActiveCfg = Debug|Any CPU
		{EF2FABAC-9D97-4FFC-8FEE-B4FBDEA0CF34}.Debug|Any CPU.Build.0 = Debug|Any CPU
		{EF2FABAC-9D97-4FFC-8FEE-B4FBDEA0CF34}.Release|Any CPU.ActiveCfg = Release|Any CPU
		{EF2FABAC-9D97-4FFC-8FEE-B4FBDEA0CF34}.Release|Any CPU.Build.0 = Release|Any CPU
		{33C8AFD8-24F3-481E-AD0C-9F24AD6CDEE4}.Alpha|Any CPU.ActiveCfg = Alpha|Any CPU
		{33C8AFD8-24F3-481E-AD0C-9F24AD6CDEE4}.Alpha|Any CPU.Build.0 = Alpha|Any CPU
		{33C8AFD8-24F3-481E-AD0C-9F24AD6CDEE4}.Beta|Any CPU.ActiveCfg = Beta|Any CPU
		{33C8AFD8-24F3-481E-AD0C-9F24AD6CDEE4}.Beta|Any CPU.Build.0 = Beta|Any CPU
		{33C8AFD8-24F3-481E-AD0C-9F24AD6CDEE4}.Debug|Any CPU.ActiveCfg = Debug|Any CPU
		{33C8AFD8-24F3-481E-AD0C-9F24AD6CDEE4}.Debug|Any CPU.Build.0 = Debug|Any CPU
		{33C8AFD8-24F3-481E-AD0C-9F24AD6CDEE4}.Release|Any CPU.ActiveCfg = Release|Any CPU
		{33C8AFD8-24F3-481E-AD0C-9F24AD6CDEE4}.Release|Any CPU.Build.0 = Release|Any CPU
		{040CCABD-A332-4DD3-8C8C-6C49CA0A7E47}.Alpha|Any CPU.ActiveCfg = Alpha|Any CPU
		{040CCABD-A332-4DD3-8C8C-6C49CA0A7E47}.Alpha|Any CPU.Build.0 = Alpha|Any CPU
		{040CCABD-A332-4DD3-8C8C-6C49CA0A7E47}.Beta|Any CPU.ActiveCfg = Beta|Any CPU
		{040CCABD-A332-4DD3-8C8C-6C49CA0A7E47}.Beta|Any CPU.Build.0 = Beta|Any CPU
		{040CCABD-A332-4DD3-8C8C-6C49CA0A7E47}.Debug|Any CPU.ActiveCfg = Debug|Any CPU
		{040CCABD-A332-4DD3-8C8C-6C49CA0A7E47}.Debug|Any CPU.Build.0 = Debug|Any CPU
		{040CCABD-A332-4DD3-8C8C-6C49CA0A7E47}.Release|Any CPU.ActiveCfg = Release|Any CPU
		{040CCABD-A332-4DD3-8C8C-6C49CA0A7E47}.Release|Any CPU.Build.0 = Release|Any CPU
		{D2C2C0AF-3A29-45F7-B653-CF20AACAA051}.Alpha|Any CPU.ActiveCfg = Alpha|Any CPU
		{D2C2C0AF-3A29-45F7-B653-CF20AACAA051}.Alpha|Any CPU.Build.0 = Alpha|Any CPU
		{D2C2C0AF-3A29-45F7-B653-CF20AACAA051}.Beta|Any CPU.ActiveCfg = Beta|Any CPU
		{D2C2C0AF-3A29-45F7-B653-CF20AACAA051}.Beta|Any CPU.Build.0 = Beta|Any CPU
		{D2C2C0AF-3A29-45F7-B653-CF20AACAA051}.Debug|Any CPU.ActiveCfg = Debug|Any CPU
		{D2C2C0AF-3A29-45F7-B653-CF20AACAA051}.Debug|Any CPU.Build.0 = Debug|Any CPU
		{D2C2C0AF-3A29-45F7-B653-CF20AACAA051}.Release|Any CPU.ActiveCfg = Release|Any CPU
		{D2C2C0AF-3A29-45F7-B653-CF20AACAA051}.Release|Any CPU.Build.0 = Release|Any CPU
		{C6F57847-D6C3-4F64-B0A4-C778D7CEA333}.Alpha|Any CPU.ActiveCfg = Alpha|Any CPU
		{C6F57847-D6C3-4F64-B0A4-C778D7CEA333}.Alpha|Any CPU.Build.0 = Alpha|Any CPU
		{C6F57847-D6C3-4F64-B0A4-C778D7CEA333}.Beta|Any CPU.ActiveCfg = Beta|Any CPU
		{C6F57847-D6C3-4F64-B0A4-C778D7CEA333}.Beta|Any CPU.Build.0 = Beta|Any CPU
		{C6F57847-D6C3-4F64-B0A4-C778D7CEA333}.Debug|Any CPU.ActiveCfg = Debug|Any CPU
		{C6F57847-D6C3-4F64-B0A4-C778D7CEA333}.Debug|Any CPU.Build.0 = Debug|Any CPU
		{C6F57847-D6C3-4F64-B0A4-C778D7CEA333}.Release|Any CPU.ActiveCfg = Release|Any CPU
		{C6F57847-D6C3-4F64-B0A4-C778D7CEA333}.Release|Any CPU.Build.0 = Release|Any CPU
		{3F84B446-A643-4959-8D2A-3D24A5C8B677}.Alpha|Any CPU.ActiveCfg = Alpha|Any CPU
		{3F84B446-A643-4959-8D2A-3D24A5C8B677}.Alpha|Any CPU.Build.0 = Alpha|Any CPU
		{3F84B446-A643-4959-8D2A-3D24A5C8B677}.Beta|Any CPU.ActiveCfg = Beta|Any CPU
		{3F84B446-A643-4959-8D2A-3D24A5C8B677}.Beta|Any CPU.Build.0 = Beta|Any CPU
		{3F84B446-A643-4959-8D2A-3D24A5C8B677}.Debug|Any CPU.ActiveCfg = Debug|Any CPU
		{3F84B446-A643-4959-8D2A-3D24A5C8B677}.Debug|Any CPU.Build.0 = Debug|Any CPU
		{3F84B446-A643-4959-8D2A-3D24A5C8B677}.Release|Any CPU.ActiveCfg = Release|Any CPU
		{3F84B446-A643-4959-8D2A-3D24A5C8B677}.Release|Any CPU.Build.0 = Release|Any CPU
		{5A83AFC8-E6CE-4DD2-8389-1F43A731388F}.Alpha|Any CPU.ActiveCfg = Alpha|Any CPU
		{5A83AFC8-E6CE-4DD2-8389-1F43A731388F}.Alpha|Any CPU.Build.0 = Alpha|Any CPU
		{5A83AFC8-E6CE-4DD2-8389-1F43A731388F}.Beta|Any CPU.ActiveCfg = Beta|Any CPU
		{5A83AFC8-E6CE-4DD2-8389-1F43A731388F}.Beta|Any CPU.Build.0 = Beta|Any CPU
		{5A83AFC8-E6CE-4DD2-8389-1F43A731388F}.Debug|Any CPU.ActiveCfg = Debug|Any CPU
		{5A83AFC8-E6CE-4DD2-8389-1F43A731388F}.Debug|Any CPU.Build.0 = Debug|Any CPU
		{5A83AFC8-E6CE-4DD2-8389-1F43A731388F}.Release|Any CPU.ActiveCfg = Release|Any CPU
		{5A83AFC8-E6CE-4DD2-8389-1F43A731388F}.Release|Any CPU.Build.0 = Release|Any CPU
		{83974E62-4D55-4E67-8F88-BBFF2222E5A1}.Alpha|Any CPU.ActiveCfg = Alpha|Any CPU
		{83974E62-4D55-4E67-8F88-BBFF2222E5A1}.Alpha|Any CPU.Build.0 = Alpha|Any CPU
		{83974E62-4D55-4E67-8F88-BBFF2222E5A1}.Beta|Any CPU.ActiveCfg = Beta|Any CPU
		{83974E62-4D55-4E67-8F88-BBFF2222E5A1}.Beta|Any CPU.Build.0 = Beta|Any CPU
		{83974E62-4D55-4E67-8F88-BBFF2222E5A1}.Debug|Any CPU.ActiveCfg = Debug|Any CPU
		{83974E62-4D55-4E67-8F88-BBFF2222E5A1}.Debug|Any CPU.Build.0 = Debug|Any CPU
		{83974E62-4D55-4E67-8F88-BBFF2222E5A1}.Release|Any CPU.ActiveCfg = Release|Any CPU
		{83974E62-4D55-4E67-8F88-BBFF2222E5A1}.Release|Any CPU.Build.0 = Release|Any CPU
		{D3FD476C-9801-4861-8FA1-C3D57FF30C83}.Alpha|Any CPU.ActiveCfg = Alpha|Any CPU
		{D3FD476C-9801-4861-8FA1-C3D57FF30C83}.Alpha|Any CPU.Build.0 = Alpha|Any CPU
		{D3FD476C-9801-4861-8FA1-C3D57FF30C83}.Beta|Any CPU.ActiveCfg = Beta|Any CPU
		{D3FD476C-9801-4861-8FA1-C3D57FF30C83}.Beta|Any CPU.Build.0 = Beta|Any CPU
		{D3FD476C-9801-4861-8FA1-C3D57FF30C83}.Debug|Any CPU.ActiveCfg = Debug|Any CPU
		{D3FD476C-9801-4861-8FA1-C3D57FF30C83}.Debug|Any CPU.Build.0 = Debug|Any CPU
		{D3FD476C-9801-4861-8FA1-C3D57FF30C83}.Release|Any CPU.ActiveCfg = Release|Any CPU
		{D3FD476C-9801-4861-8FA1-C3D57FF30C83}.Release|Any CPU.Build.0 = Release|Any CPU
		{A39D3546-FB5F-41FC-AAE0-2AC1B5C61ECF}.Alpha|Any CPU.ActiveCfg = Alpha|Any CPU
		{A39D3546-FB5F-41FC-AAE0-2AC1B5C61ECF}.Alpha|Any CPU.Build.0 = Alpha|Any CPU
		{A39D3546-FB5F-41FC-AAE0-2AC1B5C61ECF}.Beta|Any CPU.ActiveCfg = Beta|Any CPU
		{A39D3546-FB5F-41FC-AAE0-2AC1B5C61ECF}.Beta|Any CPU.Build.0 = Beta|Any CPU
		{A39D3546-FB5F-41FC-AAE0-2AC1B5C61ECF}.Debug|Any CPU.ActiveCfg = Debug|Any CPU
		{A39D3546-FB5F-41FC-AAE0-2AC1B5C61ECF}.Debug|Any CPU.Build.0 = Debug|Any CPU
		{A39D3546-FB5F-41FC-AAE0-2AC1B5C61ECF}.Release|Any CPU.ActiveCfg = Release|Any CPU
		{A39D3546-FB5F-41FC-AAE0-2AC1B5C61ECF}.Release|Any CPU.Build.0 = Release|Any CPU
		{92BDC986-1D50-48A3-9A94-5A94A285C53D}.Alpha|Any CPU.ActiveCfg = Alpha|Any CPU
		{92BDC986-1D50-48A3-9A94-5A94A285C53D}.Alpha|Any CPU.Build.0 = Alpha|Any CPU
		{92BDC986-1D50-48A3-9A94-5A94A285C53D}.Beta|Any CPU.ActiveCfg = Beta|Any CPU
		{92BDC986-1D50-48A3-9A94-5A94A285C53D}.Beta|Any CPU.Build.0 = Beta|Any CPU
		{92BDC986-1D50-48A3-9A94-5A94A285C53D}.Debug|Any CPU.ActiveCfg = Debug|Any CPU
		{92BDC986-1D50-48A3-9A94-5A94A285C53D}.Debug|Any CPU.Build.0 = Debug|Any CPU
		{92BDC986-1D50-48A3-9A94-5A94A285C53D}.Release|Any CPU.ActiveCfg = Release|Any CPU
		{92BDC986-1D50-48A3-9A94-5A94A285C53D}.Release|Any CPU.Build.0 = Release|Any CPU
		{13A909DD-3791-4539-9C04-F72D9E755DCF}.Alpha|Any CPU.ActiveCfg = Alpha|Any CPU
		{13A909DD-3791-4539-9C04-F72D9E755DCF}.Alpha|Any CPU.Build.0 = Alpha|Any CPU
		{13A909DD-3791-4539-9C04-F72D9E755DCF}.Beta|Any CPU.ActiveCfg = Beta|Any CPU
		{13A909DD-3791-4539-9C04-F72D9E755DCF}.Beta|Any CPU.Build.0 = Beta|Any CPU
		{13A909DD-3791-4539-9C04-F72D9E755DCF}.Debug|Any CPU.ActiveCfg = Debug|Any CPU
		{13A909DD-3791-4539-9C04-F72D9E755DCF}.Debug|Any CPU.Build.0 = Debug|Any CPU
		{13A909DD-3791-4539-9C04-F72D9E755DCF}.Release|Any CPU.ActiveCfg = Release|Any CPU
		{13A909DD-3791-4539-9C04-F72D9E755DCF}.Release|Any CPU.Build.0 = Release|Any CPU
		{DFE01D83-BDBF-4B5C-95D5-9F1034597EDE}.Alpha|Any CPU.ActiveCfg = Alpha|Any CPU
		{DFE01D83-BDBF-4B5C-95D5-9F1034597EDE}.Alpha|Any CPU.Build.0 = Alpha|Any CPU
		{DFE01D83-BDBF-4B5C-95D5-9F1034597EDE}.Beta|Any CPU.ActiveCfg = Beta|Any CPU
		{DFE01D83-BDBF-4B5C-95D5-9F1034597EDE}.Beta|Any CPU.Build.0 = Beta|Any CPU
		{DFE01D83-BDBF-4B5C-95D5-9F1034597EDE}.Debug|Any CPU.ActiveCfg = Debug|Any CPU
		{DFE01D83-BDBF-4B5C-95D5-9F1034597EDE}.Debug|Any CPU.Build.0 = Debug|Any CPU
		{DFE01D83-BDBF-4B5C-95D5-9F1034597EDE}.Release|Any CPU.ActiveCfg = Release|Any CPU
		{DFE01D83-BDBF-4B5C-95D5-9F1034597EDE}.Release|Any CPU.Build.0 = Release|Any CPU
		{CDBBBF25-AD0C-4EAF-B673-EB0BB198585A}.Alpha|Any CPU.ActiveCfg = Alpha|Any CPU
		{CDBBBF25-AD0C-4EAF-B673-EB0BB198585A}.Alpha|Any CPU.Build.0 = Alpha|Any CPU
		{CDBBBF25-AD0C-4EAF-B673-EB0BB198585A}.Beta|Any CPU.ActiveCfg = Beta|Any CPU
		{CDBBBF25-AD0C-4EAF-B673-EB0BB198585A}.Beta|Any CPU.Build.0 = Beta|Any CPU
		{CDBBBF25-AD0C-4EAF-B673-EB0BB198585A}.Debug|Any CPU.ActiveCfg = Debug|Any CPU
		{CDBBBF25-AD0C-4EAF-B673-EB0BB198585A}.Debug|Any CPU.Build.0 = Debug|Any CPU
		{CDBBBF25-AD0C-4EAF-B673-EB0BB198585A}.Release|Any CPU.ActiveCfg = Release|Any CPU
		{CDBBBF25-AD0C-4EAF-B673-EB0BB198585A}.Release|Any CPU.Build.0 = Release|Any CPU
		{88B68D39-41A4-4C10-B942-0F3BE976D7A3}.Alpha|Any CPU.ActiveCfg = Alpha|Any CPU
		{88B68D39-41A4-4C10-B942-0F3BE976D7A3}.Alpha|Any CPU.Build.0 = Alpha|Any CPU
		{88B68D39-41A4-4C10-B942-0F3BE976D7A3}.Beta|Any CPU.ActiveCfg = Beta|Any CPU
		{88B68D39-41A4-4C10-B942-0F3BE976D7A3}.Beta|Any CPU.Build.0 = Beta|Any CPU
		{88B68D39-41A4-4C10-B942-0F3BE976D7A3}.Debug|Any CPU.ActiveCfg = Debug|Any CPU
		{88B68D39-41A4-4C10-B942-0F3BE976D7A3}.Debug|Any CPU.Build.0 = Debug|Any CPU
		{88B68D39-41A4-4C10-B942-0F3BE976D7A3}.Release|Any CPU.ActiveCfg = Release|Any CPU
		{88B68D39-41A4-4C10-B942-0F3BE976D7A3}.Release|Any CPU.Build.0 = Release|Any CPU
		{18A7A590-4C58-4755-A24C-6EDA52E0C3EB}.Alpha|Any CPU.ActiveCfg = Alpha|Any CPU
		{18A7A590-4C58-4755-A24C-6EDA52E0C3EB}.Alpha|Any CPU.Build.0 = Alpha|Any CPU
		{18A7A590-4C58-4755-A24C-6EDA52E0C3EB}.Beta|Any CPU.ActiveCfg = Beta|Any CPU
		{18A7A590-4C58-4755-A24C-6EDA52E0C3EB}.Beta|Any CPU.Build.0 = Beta|Any CPU
		{18A7A590-4C58-4755-A24C-6EDA52E0C3EB}.Debug|Any CPU.ActiveCfg = Debug|Any CPU
		{18A7A590-4C58-4755-A24C-6EDA52E0C3EB}.Debug|Any CPU.Build.0 = Debug|Any CPU
		{18A7A590-4C58-4755-A24C-6EDA52E0C3EB}.Release|Any CPU.ActiveCfg = Release|Any CPU
		{18A7A590-4C58-4755-A24C-6EDA52E0C3EB}.Release|Any CPU.Build.0 = Release|Any CPU
		{66D18DE1-4D66-41A5-B0E2-47DF9975495A}.Alpha|Any CPU.ActiveCfg = Alpha|Any CPU
		{66D18DE1-4D66-41A5-B0E2-47DF9975495A}.Alpha|Any CPU.Build.0 = Alpha|Any CPU
		{66D18DE1-4D66-41A5-B0E2-47DF9975495A}.Beta|Any CPU.ActiveCfg = Beta|Any CPU
		{66D18DE1-4D66-41A5-B0E2-47DF9975495A}.Beta|Any CPU.Build.0 = Beta|Any CPU
		{66D18DE1-4D66-41A5-B0E2-47DF9975495A}.Debug|Any CPU.ActiveCfg = Debug|Any CPU
		{66D18DE1-4D66-41A5-B0E2-47DF9975495A}.Debug|Any CPU.Build.0 = Debug|Any CPU
		{66D18DE1-4D66-41A5-B0E2-47DF9975495A}.Release|Any CPU.ActiveCfg = Release|Any CPU
		{66D18DE1-4D66-41A5-B0E2-47DF9975495A}.Release|Any CPU.Build.0 = Release|Any CPU
		{735CFEEE-5B77-4D36-977B-4CD94A6F3CDB}.Alpha|Any CPU.ActiveCfg = Alpha|Any CPU
		{735CFEEE-5B77-4D36-977B-4CD94A6F3CDB}.Alpha|Any CPU.Build.0 = Alpha|Any CPU
		{735CFEEE-5B77-4D36-977B-4CD94A6F3CDB}.Beta|Any CPU.ActiveCfg = Beta|Any CPU
		{735CFEEE-5B77-4D36-977B-4CD94A6F3CDB}.Beta|Any CPU.Build.0 = Beta|Any CPU
		{735CFEEE-5B77-4D36-977B-4CD94A6F3CDB}.Debug|Any CPU.ActiveCfg = Debug|Any CPU
		{735CFEEE-5B77-4D36-977B-4CD94A6F3CDB}.Debug|Any CPU.Build.0 = Debug|Any CPU
		{735CFEEE-5B77-4D36-977B-4CD94A6F3CDB}.Release|Any CPU.ActiveCfg = Release|Any CPU
		{735CFEEE-5B77-4D36-977B-4CD94A6F3CDB}.Release|Any CPU.Build.0 = Release|Any CPU
		{C13BFDF0-3B93-475F-900E-E7BAD97ACE3D}.Alpha|Any CPU.ActiveCfg = Alpha|Any CPU
		{C13BFDF0-3B93-475F-900E-E7BAD97ACE3D}.Alpha|Any CPU.Build.0 = Alpha|Any CPU
		{C13BFDF0-3B93-475F-900E-E7BAD97ACE3D}.Beta|Any CPU.ActiveCfg = Beta|Any CPU
		{C13BFDF0-3B93-475F-900E-E7BAD97ACE3D}.Beta|Any CPU.Build.0 = Beta|Any CPU
		{C13BFDF0-3B93-475F-900E-E7BAD97ACE3D}.Debug|Any CPU.ActiveCfg = Debug|Any CPU
		{C13BFDF0-3B93-475F-900E-E7BAD97ACE3D}.Debug|Any CPU.Build.0 = Debug|Any CPU
		{C13BFDF0-3B93-475F-900E-E7BAD97ACE3D}.Release|Any CPU.ActiveCfg = Release|Any CPU
		{C13BFDF0-3B93-475F-900E-E7BAD97ACE3D}.Release|Any CPU.Build.0 = Release|Any CPU
		{AAF4779F-F8BF-4794-A6E8-4ED88A8B6B68}.Alpha|Any CPU.ActiveCfg = Alpha|Any CPU
		{AAF4779F-F8BF-4794-A6E8-4ED88A8B6B68}.Alpha|Any CPU.Build.0 = Alpha|Any CPU
		{AAF4779F-F8BF-4794-A6E8-4ED88A8B6B68}.Beta|Any CPU.ActiveCfg = Beta|Any CPU
		{AAF4779F-F8BF-4794-A6E8-4ED88A8B6B68}.Beta|Any CPU.Build.0 = Beta|Any CPU
		{AAF4779F-F8BF-4794-A6E8-4ED88A8B6B68}.Debug|Any CPU.ActiveCfg = Debug|Any CPU
		{AAF4779F-F8BF-4794-A6E8-4ED88A8B6B68}.Debug|Any CPU.Build.0 = Debug|Any CPU
		{AAF4779F-F8BF-4794-A6E8-4ED88A8B6B68}.Release|Any CPU.ActiveCfg = Release|Any CPU
		{AAF4779F-F8BF-4794-A6E8-4ED88A8B6B68}.Release|Any CPU.Build.0 = Release|Any CPU
		{A04C3DC9-78CB-4DB2-B8BA-0D462A64314F}.Alpha|Any CPU.ActiveCfg = Alpha|Any CPU
		{A04C3DC9-78CB-4DB2-B8BA-0D462A64314F}.Alpha|Any CPU.Build.0 = Alpha|Any CPU
		{A04C3DC9-78CB-4DB2-B8BA-0D462A64314F}.Beta|Any CPU.ActiveCfg = Beta|Any CPU
		{A04C3DC9-78CB-4DB2-B8BA-0D462A64314F}.Beta|Any CPU.Build.0 = Beta|Any CPU
		{A04C3DC9-78CB-4DB2-B8BA-0D462A64314F}.Debug|Any CPU.ActiveCfg = Debug|Any CPU
		{A04C3DC9-78CB-4DB2-B8BA-0D462A64314F}.Debug|Any CPU.Build.0 = Debug|Any CPU
		{A04C3DC9-78CB-4DB2-B8BA-0D462A64314F}.Release|Any CPU.ActiveCfg = Release|Any CPU
		{A04C3DC9-78CB-4DB2-B8BA-0D462A64314F}.Release|Any CPU.Build.0 = Release|Any CPU
		{EC145D56-C6AA-4A3E-8D33-14DC562B8A84}.Alpha|Any CPU.ActiveCfg = Alpha|Any CPU
		{EC145D56-C6AA-4A3E-8D33-14DC562B8A84}.Alpha|Any CPU.Build.0 = Alpha|Any CPU
		{EC145D56-C6AA-4A3E-8D33-14DC562B8A84}.Beta|Any CPU.ActiveCfg = Beta|Any CPU
		{EC145D56-C6AA-4A3E-8D33-14DC562B8A84}.Beta|Any CPU.Build.0 = Beta|Any CPU
		{EC145D56-C6AA-4A3E-8D33-14DC562B8A84}.Debug|Any CPU.ActiveCfg = Debug|Any CPU
		{EC145D56-C6AA-4A3E-8D33-14DC562B8A84}.Debug|Any CPU.Build.0 = Debug|Any CPU
		{EC145D56-C6AA-4A3E-8D33-14DC562B8A84}.Release|Any CPU.ActiveCfg = Release|Any CPU
		{EC145D56-C6AA-4A3E-8D33-14DC562B8A84}.Release|Any CPU.Build.0 = Release|Any CPU
		{4098E8D6-7954-4B24-96C9-1CFC6BC8A654}.Alpha|Any CPU.ActiveCfg = Alpha|Any CPU
		{4098E8D6-7954-4B24-96C9-1CFC6BC8A654}.Alpha|Any CPU.Build.0 = Alpha|Any CPU
		{4098E8D6-7954-4B24-96C9-1CFC6BC8A654}.Beta|Any CPU.ActiveCfg = Beta|Any CPU
		{4098E8D6-7954-4B24-96C9-1CFC6BC8A654}.Beta|Any CPU.Build.0 = Beta|Any CPU
		{4098E8D6-7954-4B24-96C9-1CFC6BC8A654}.Debug|Any CPU.ActiveCfg = Debug|Any CPU
		{4098E8D6-7954-4B24-96C9-1CFC6BC8A654}.Debug|Any CPU.Build.0 = Debug|Any CPU
		{4098E8D6-7954-4B24-96C9-1CFC6BC8A654}.Release|Any CPU.ActiveCfg = Release|Any CPU
		{4098E8D6-7954-4B24-96C9-1CFC6BC8A654}.Release|Any CPU.Build.0 = Release|Any CPU
		{B56F2F0D-197A-4A29-A29A-1F92ECD81902}.Alpha|Any CPU.ActiveCfg = Alpha|Any CPU
		{B56F2F0D-197A-4A29-A29A-1F92ECD81902}.Alpha|Any CPU.Build.0 = Alpha|Any CPU
		{B56F2F0D-197A-4A29-A29A-1F92ECD81902}.Beta|Any CPU.ActiveCfg = Beta|Any CPU
		{B56F2F0D-197A-4A29-A29A-1F92ECD81902}.Beta|Any CPU.Build.0 = Beta|Any CPU
		{B56F2F0D-197A-4A29-A29A-1F92ECD81902}.Debug|Any CPU.ActiveCfg = Debug|Any CPU
		{B56F2F0D-197A-4A29-A29A-1F92ECD81902}.Debug|Any CPU.Build.0 = Debug|Any CPU
		{B56F2F0D-197A-4A29-A29A-1F92ECD81902}.Release|Any CPU.ActiveCfg = Release|Any CPU
		{B56F2F0D-197A-4A29-A29A-1F92ECD81902}.Release|Any CPU.Build.0 = Release|Any CPU
		{8C6AB9F7-E1C9-4B2A-9F17-E51E32EA43CC}.Alpha|Any CPU.ActiveCfg = Alpha|Any CPU
		{8C6AB9F7-E1C9-4B2A-9F17-E51E32EA43CC}.Alpha|Any CPU.Build.0 = Alpha|Any CPU
		{8C6AB9F7-E1C9-4B2A-9F17-E51E32EA43CC}.Beta|Any CPU.ActiveCfg = Beta|Any CPU
		{8C6AB9F7-E1C9-4B2A-9F17-E51E32EA43CC}.Beta|Any CPU.Build.0 = Beta|Any CPU
		{8C6AB9F7-E1C9-4B2A-9F17-E51E32EA43CC}.Debug|Any CPU.ActiveCfg = Debug|Any CPU
		{8C6AB9F7-E1C9-4B2A-9F17-E51E32EA43CC}.Debug|Any CPU.Build.0 = Debug|Any CPU
		{8C6AB9F7-E1C9-4B2A-9F17-E51E32EA43CC}.Release|Any CPU.ActiveCfg = Release|Any CPU
		{8C6AB9F7-E1C9-4B2A-9F17-E51E32EA43CC}.Release|Any CPU.Build.0 = Release|Any CPU
		{AA70074D-1C40-4CC0-9E1C-7ACDCBDD7D32}.Alpha|Any CPU.ActiveCfg = Alpha|Any CPU
		{AA70074D-1C40-4CC0-9E1C-7ACDCBDD7D32}.Alpha|Any CPU.Build.0 = Alpha|Any CPU
		{AA70074D-1C40-4CC0-9E1C-7ACDCBDD7D32}.Beta|Any CPU.ActiveCfg = Beta|Any CPU
		{AA70074D-1C40-4CC0-9E1C-7ACDCBDD7D32}.Beta|Any CPU.Build.0 = Beta|Any CPU
		{AA70074D-1C40-4CC0-9E1C-7ACDCBDD7D32}.Debug|Any CPU.ActiveCfg = Debug|Any CPU
		{AA70074D-1C40-4CC0-9E1C-7ACDCBDD7D32}.Debug|Any CPU.Build.0 = Debug|Any CPU
		{AA70074D-1C40-4CC0-9E1C-7ACDCBDD7D32}.Release|Any CPU.ActiveCfg = Release|Any CPU
		{AA70074D-1C40-4CC0-9E1C-7ACDCBDD7D32}.Release|Any CPU.Build.0 = Release|Any CPU
		{02A55625-E735-4909-A470-E8405EEE1A32}.Alpha|Any CPU.ActiveCfg = Alpha|Any CPU
		{02A55625-E735-4909-A470-E8405EEE1A32}.Alpha|Any CPU.Build.0 = Alpha|Any CPU
		{02A55625-E735-4909-A470-E8405EEE1A32}.Beta|Any CPU.ActiveCfg = Beta|Any CPU
		{02A55625-E735-4909-A470-E8405EEE1A32}.Beta|Any CPU.Build.0 = Beta|Any CPU
		{02A55625-E735-4909-A470-E8405EEE1A32}.Debug|Any CPU.ActiveCfg = Debug|Any CPU
		{02A55625-E735-4909-A470-E8405EEE1A32}.Debug|Any CPU.Build.0 = Debug|Any CPU
		{02A55625-E735-4909-A470-E8405EEE1A32}.Release|Any CPU.ActiveCfg = Release|Any CPU
		{02A55625-E735-4909-A470-E8405EEE1A32}.Release|Any CPU.Build.0 = Release|Any CPU
		{C45009CE-C7BA-4A23-AE39-1F8CC5339B2F}.Alpha|Any CPU.ActiveCfg = Alpha|Any CPU
		{C45009CE-C7BA-4A23-AE39-1F8CC5339B2F}.Alpha|Any CPU.Build.0 = Alpha|Any CPU
		{C45009CE-C7BA-4A23-AE39-1F8CC5339B2F}.Beta|Any CPU.ActiveCfg = Beta|Any CPU
		{C45009CE-C7BA-4A23-AE39-1F8CC5339B2F}.Beta|Any CPU.Build.0 = Beta|Any CPU
		{C45009CE-C7BA-4A23-AE39-1F8CC5339B2F}.Debug|Any CPU.ActiveCfg = Debug|Any CPU
		{C45009CE-C7BA-4A23-AE39-1F8CC5339B2F}.Debug|Any CPU.Build.0 = Debug|Any CPU
		{C45009CE-C7BA-4A23-AE39-1F8CC5339B2F}.Release|Any CPU.ActiveCfg = Release|Any CPU
		{C45009CE-C7BA-4A23-AE39-1F8CC5339B2F}.Release|Any CPU.Build.0 = Release|Any CPU
		{DAF5E126-C37F-4181-AAE5-89E8FC89AAE4}.Alpha|Any CPU.ActiveCfg = Alpha|Any CPU
		{DAF5E126-C37F-4181-AAE5-89E8FC89AAE4}.Alpha|Any CPU.Build.0 = Alpha|Any CPU
		{DAF5E126-C37F-4181-AAE5-89E8FC89AAE4}.Beta|Any CPU.ActiveCfg = Beta|Any CPU
		{DAF5E126-C37F-4181-AAE5-89E8FC89AAE4}.Beta|Any CPU.Build.0 = Beta|Any CPU
		{DAF5E126-C37F-4181-AAE5-89E8FC89AAE4}.Debug|Any CPU.ActiveCfg = Debug|Any CPU
		{DAF5E126-C37F-4181-AAE5-89E8FC89AAE4}.Debug|Any CPU.Build.0 = Debug|Any CPU
		{DAF5E126-C37F-4181-AAE5-89E8FC89AAE4}.Release|Any CPU.ActiveCfg = Release|Any CPU
		{DAF5E126-C37F-4181-AAE5-89E8FC89AAE4}.Release|Any CPU.Build.0 = Release|Any CPU
		{E5C007C8-34BB-4BEB-9076-50EECE6CDF1B}.Alpha|Any CPU.ActiveCfg = Alpha|Any CPU
		{E5C007C8-34BB-4BEB-9076-50EECE6CDF1B}.Alpha|Any CPU.Build.0 = Alpha|Any CPU
		{E5C007C8-34BB-4BEB-9076-50EECE6CDF1B}.Beta|Any CPU.ActiveCfg = Beta|Any CPU
		{E5C007C8-34BB-4BEB-9076-50EECE6CDF1B}.Beta|Any CPU.Build.0 = Beta|Any CPU
		{E5C007C8-34BB-4BEB-9076-50EECE6CDF1B}.Debug|Any CPU.ActiveCfg = Debug|Any CPU
		{E5C007C8-34BB-4BEB-9076-50EECE6CDF1B}.Debug|Any CPU.Build.0 = Debug|Any CPU
		{E5C007C8-34BB-4BEB-9076-50EECE6CDF1B}.Release|Any CPU.ActiveCfg = Release|Any CPU
		{E5C007C8-34BB-4BEB-9076-50EECE6CDF1B}.Release|Any CPU.Build.0 = Release|Any CPU
		{A557E924-6F0F-48EC-8A73-4809F324697B}.Alpha|Any CPU.ActiveCfg = Alpha|Any CPU
		{A557E924-6F0F-48EC-8A73-4809F324697B}.Alpha|Any CPU.Build.0 = Alpha|Any CPU
		{A557E924-6F0F-48EC-8A73-4809F324697B}.Beta|Any CPU.ActiveCfg = Beta|Any CPU
		{A557E924-6F0F-48EC-8A73-4809F324697B}.Beta|Any CPU.Build.0 = Beta|Any CPU
		{A557E924-6F0F-48EC-8A73-4809F324697B}.Debug|Any CPU.ActiveCfg = Debug|Any CPU
		{A557E924-6F0F-48EC-8A73-4809F324697B}.Debug|Any CPU.Build.0 = Debug|Any CPU
		{A557E924-6F0F-48EC-8A73-4809F324697B}.Release|Any CPU.ActiveCfg = Release|Any CPU
		{A557E924-6F0F-48EC-8A73-4809F324697B}.Release|Any CPU.Build.0 = Release|Any CPU
		{32B23AE7-6708-41B3-BCE7-3BB730E2E70B}.Alpha|Any CPU.ActiveCfg = Alpha|Any CPU
		{32B23AE7-6708-41B3-BCE7-3BB730E2E70B}.Alpha|Any CPU.Build.0 = Alpha|Any CPU
		{32B23AE7-6708-41B3-BCE7-3BB730E2E70B}.Beta|Any CPU.ActiveCfg = Beta|Any CPU
		{32B23AE7-6708-41B3-BCE7-3BB730E2E70B}.Beta|Any CPU.Build.0 = Beta|Any CPU
		{32B23AE7-6708-41B3-BCE7-3BB730E2E70B}.Debug|Any CPU.ActiveCfg = Debug|Any CPU
		{32B23AE7-6708-41B3-BCE7-3BB730E2E70B}.Debug|Any CPU.Build.0 = Debug|Any CPU
		{32B23AE7-6708-41B3-BCE7-3BB730E2E70B}.Release|Any CPU.ActiveCfg = Release|Any CPU
		{32B23AE7-6708-41B3-BCE7-3BB730E2E70B}.Release|Any CPU.Build.0 = Release|Any CPU
		{4DA33B17-792D-44D7-93F6-D0561788676D}.Alpha|Any CPU.ActiveCfg = Alpha|Any CPU
		{4DA33B17-792D-44D7-93F6-D0561788676D}.Alpha|Any CPU.Build.0 = Alpha|Any CPU
		{4DA33B17-792D-44D7-93F6-D0561788676D}.Beta|Any CPU.ActiveCfg = Beta|Any CPU
		{4DA33B17-792D-44D7-93F6-D0561788676D}.Beta|Any CPU.Build.0 = Beta|Any CPU
		{4DA33B17-792D-44D7-93F6-D0561788676D}.Debug|Any CPU.ActiveCfg = Debug|Any CPU
		{4DA33B17-792D-44D7-93F6-D0561788676D}.Debug|Any CPU.Build.0 = Debug|Any CPU
		{4DA33B17-792D-44D7-93F6-D0561788676D}.Release|Any CPU.ActiveCfg = Release|Any CPU
		{4DA33B17-792D-44D7-93F6-D0561788676D}.Release|Any CPU.Build.0 = Release|Any CPU
		{74CCA5B2-D0BA-4839-9E2B-EFCF309835E5}.Alpha|Any CPU.ActiveCfg = Alpha|Any CPU
		{74CCA5B2-D0BA-4839-9E2B-EFCF309835E5}.Alpha|Any CPU.Build.0 = Alpha|Any CPU
		{74CCA5B2-D0BA-4839-9E2B-EFCF309835E5}.Beta|Any CPU.ActiveCfg = Beta|Any CPU
		{74CCA5B2-D0BA-4839-9E2B-EFCF309835E5}.Beta|Any CPU.Build.0 = Beta|Any CPU
		{74CCA5B2-D0BA-4839-9E2B-EFCF309835E5}.Debug|Any CPU.ActiveCfg = Debug|Any CPU
		{74CCA5B2-D0BA-4839-9E2B-EFCF309835E5}.Debug|Any CPU.Build.0 = Debug|Any CPU
		{74CCA5B2-D0BA-4839-9E2B-EFCF309835E5}.Release|Any CPU.ActiveCfg = Release|Any CPU
		{74CCA5B2-D0BA-4839-9E2B-EFCF309835E5}.Release|Any CPU.Build.0 = Release|Any CPU
		{FF176BCD-7F7E-4C42-9E8D-17912097B3C7}.Alpha|Any CPU.ActiveCfg = Alpha|Any CPU
		{FF176BCD-7F7E-4C42-9E8D-17912097B3C7}.Alpha|Any CPU.Build.0 = Alpha|Any CPU
		{FF176BCD-7F7E-4C42-9E8D-17912097B3C7}.Beta|Any CPU.ActiveCfg = Beta|Any CPU
		{FF176BCD-7F7E-4C42-9E8D-17912097B3C7}.Beta|Any CPU.Build.0 = Beta|Any CPU
		{FF176BCD-7F7E-4C42-9E8D-17912097B3C7}.Debug|Any CPU.ActiveCfg = Debug|Any CPU
		{FF176BCD-7F7E-4C42-9E8D-17912097B3C7}.Debug|Any CPU.Build.0 = Debug|Any CPU
		{FF176BCD-7F7E-4C42-9E8D-17912097B3C7}.Release|Any CPU.ActiveCfg = Release|Any CPU
		{FF176BCD-7F7E-4C42-9E8D-17912097B3C7}.Release|Any CPU.Build.0 = Release|Any CPU
		{EF214EB0-699D-4CF9-9CA5-2FC49B1BEDB4}.Alpha|Any CPU.ActiveCfg = Alpha|Any CPU
		{EF214EB0-699D-4CF9-9CA5-2FC49B1BEDB4}.Alpha|Any CPU.Build.0 = Alpha|Any CPU
		{EF214EB0-699D-4CF9-9CA5-2FC49B1BEDB4}.Beta|Any CPU.ActiveCfg = Beta|Any CPU
		{EF214EB0-699D-4CF9-9CA5-2FC49B1BEDB4}.Beta|Any CPU.Build.0 = Beta|Any CPU
		{EF214EB0-699D-4CF9-9CA5-2FC49B1BEDB4}.Debug|Any CPU.ActiveCfg = Debug|Any CPU
		{EF214EB0-699D-4CF9-9CA5-2FC49B1BEDB4}.Debug|Any CPU.Build.0 = Debug|Any CPU
		{EF214EB0-699D-4CF9-9CA5-2FC49B1BEDB4}.Release|Any CPU.ActiveCfg = Release|Any CPU
		{EF214EB0-699D-4CF9-9CA5-2FC49B1BEDB4}.Release|Any CPU.Build.0 = Release|Any CPU
		{DF8D5DB8-FA0E-4C7D-90B4-5BD74793E32F}.Alpha|Any CPU.ActiveCfg = Alpha|Any CPU
		{DF8D5DB8-FA0E-4C7D-90B4-5BD74793E32F}.Alpha|Any CPU.Build.0 = Alpha|Any CPU
		{DF8D5DB8-FA0E-4C7D-90B4-5BD74793E32F}.Beta|Any CPU.ActiveCfg = Release|Any CPU
		{DF8D5DB8-FA0E-4C7D-90B4-5BD74793E32F}.Beta|Any CPU.Build.0 = Release|Any CPU
		{DF8D5DB8-FA0E-4C7D-90B4-5BD74793E32F}.Debug|Any CPU.ActiveCfg = Debug|Any CPU
		{DF8D5DB8-FA0E-4C7D-90B4-5BD74793E32F}.Debug|Any CPU.Build.0 = Debug|Any CPU
		{DF8D5DB8-FA0E-4C7D-90B4-5BD74793E32F}.Release|Any CPU.ActiveCfg = Release|Any CPU
		{DF8D5DB8-FA0E-4C7D-90B4-5BD74793E32F}.Release|Any CPU.Build.0 = Release|Any CPU
		{95335A9E-4A33-45BB-8D5E-10D3C7C34BC1}.Alpha|Any CPU.ActiveCfg = Alpha|Any CPU
		{95335A9E-4A33-45BB-8D5E-10D3C7C34BC1}.Alpha|Any CPU.Build.0 = Alpha|Any CPU
		{95335A9E-4A33-45BB-8D5E-10D3C7C34BC1}.Beta|Any CPU.ActiveCfg = Release|Any CPU
		{95335A9E-4A33-45BB-8D5E-10D3C7C34BC1}.Beta|Any CPU.Build.0 = Release|Any CPU
		{95335A9E-4A33-45BB-8D5E-10D3C7C34BC1}.Debug|Any CPU.ActiveCfg = Debug|Any CPU
		{95335A9E-4A33-45BB-8D5E-10D3C7C34BC1}.Debug|Any CPU.Build.0 = Debug|Any CPU
		{95335A9E-4A33-45BB-8D5E-10D3C7C34BC1}.Release|Any CPU.ActiveCfg = Release|Any CPU
		{95335A9E-4A33-45BB-8D5E-10D3C7C34BC1}.Release|Any CPU.Build.0 = Release|Any CPU
		{242D4286-7214-422F-BE7C-BE784C815E0F}.Alpha|Any CPU.ActiveCfg = Alpha|Any CPU
		{242D4286-7214-422F-BE7C-BE784C815E0F}.Alpha|Any CPU.Build.0 = Alpha|Any CPU
		{242D4286-7214-422F-BE7C-BE784C815E0F}.Beta|Any CPU.ActiveCfg = Release|Any CPU
		{242D4286-7214-422F-BE7C-BE784C815E0F}.Beta|Any CPU.Build.0 = Release|Any CPU
		{242D4286-7214-422F-BE7C-BE784C815E0F}.Debug|Any CPU.ActiveCfg = Debug|Any CPU
		{242D4286-7214-422F-BE7C-BE784C815E0F}.Debug|Any CPU.Build.0 = Debug|Any CPU
		{242D4286-7214-422F-BE7C-BE784C815E0F}.Release|Any CPU.ActiveCfg = Release|Any CPU
		{242D4286-7214-422F-BE7C-BE784C815E0F}.Release|Any CPU.Build.0 = Release|Any CPU
		{C2507D74-AD66-4B14-8C1A-557B30D9E472}.Alpha|Any CPU.ActiveCfg = Alpha|Any CPU
		{C2507D74-AD66-4B14-8C1A-557B30D9E472}.Alpha|Any CPU.Build.0 = Alpha|Any CPU
		{C2507D74-AD66-4B14-8C1A-557B30D9E472}.Beta|Any CPU.ActiveCfg = Release|Any CPU
		{C2507D74-AD66-4B14-8C1A-557B30D9E472}.Beta|Any CPU.Build.0 = Release|Any CPU
		{C2507D74-AD66-4B14-8C1A-557B30D9E472}.Debug|Any CPU.ActiveCfg = Debug|Any CPU
		{C2507D74-AD66-4B14-8C1A-557B30D9E472}.Debug|Any CPU.Build.0 = Debug|Any CPU
		{C2507D74-AD66-4B14-8C1A-557B30D9E472}.Release|Any CPU.ActiveCfg = Release|Any CPU
		{C2507D74-AD66-4B14-8C1A-557B30D9E472}.Release|Any CPU.Build.0 = Release|Any CPU
		{3CB5F930-60CA-4430-8B79-3106868A7F51}.Alpha|Any CPU.ActiveCfg = Alpha|Any CPU
		{3CB5F930-60CA-4430-8B79-3106868A7F51}.Alpha|Any CPU.Build.0 = Alpha|Any CPU
		{3CB5F930-60CA-4430-8B79-3106868A7F51}.Beta|Any CPU.ActiveCfg = Beta|Any CPU
		{3CB5F930-60CA-4430-8B79-3106868A7F51}.Beta|Any CPU.Build.0 = Beta|Any CPU
		{3CB5F930-60CA-4430-8B79-3106868A7F51}.Debug|Any CPU.ActiveCfg = Debug|Any CPU
		{3CB5F930-60CA-4430-8B79-3106868A7F51}.Debug|Any CPU.Build.0 = Debug|Any CPU
		{3CB5F930-60CA-4430-8B79-3106868A7F51}.Release|Any CPU.ActiveCfg = Release|Any CPU
		{3CB5F930-60CA-4430-8B79-3106868A7F51}.Release|Any CPU.Build.0 = Release|Any CPU
		{9D866A6C-39D6-470A-A25D-F704A2A28A23}.Alpha|Any CPU.ActiveCfg = Alpha|Any CPU
		{9D866A6C-39D6-470A-A25D-F704A2A28A23}.Alpha|Any CPU.Build.0 = Alpha|Any CPU
		{9D866A6C-39D6-470A-A25D-F704A2A28A23}.Beta|Any CPU.ActiveCfg = Release|Any CPU
		{9D866A6C-39D6-470A-A25D-F704A2A28A23}.Beta|Any CPU.Build.0 = Release|Any CPU
		{9D866A6C-39D6-470A-A25D-F704A2A28A23}.Debug|Any CPU.ActiveCfg = Debug|Any CPU
		{9D866A6C-39D6-470A-A25D-F704A2A28A23}.Debug|Any CPU.Build.0 = Debug|Any CPU
		{9D866A6C-39D6-470A-A25D-F704A2A28A23}.Release|Any CPU.ActiveCfg = Release|Any CPU
		{9D866A6C-39D6-470A-A25D-F704A2A28A23}.Release|Any CPU.Build.0 = Release|Any CPU
		{AFC8CDCD-02E7-4517-8A8B-3623B913F6C7}.Alpha|Any CPU.ActiveCfg = Alpha|Any CPU
		{AFC8CDCD-02E7-4517-8A8B-3623B913F6C7}.Alpha|Any CPU.Build.0 = Alpha|Any CPU
		{AFC8CDCD-02E7-4517-8A8B-3623B913F6C7}.Beta|Any CPU.ActiveCfg = Release|Any CPU
		{AFC8CDCD-02E7-4517-8A8B-3623B913F6C7}.Beta|Any CPU.Build.0 = Release|Any CPU
		{AFC8CDCD-02E7-4517-8A8B-3623B913F6C7}.Debug|Any CPU.ActiveCfg = Debug|Any CPU
		{AFC8CDCD-02E7-4517-8A8B-3623B913F6C7}.Debug|Any CPU.Build.0 = Debug|Any CPU
		{AFC8CDCD-02E7-4517-8A8B-3623B913F6C7}.Release|Any CPU.ActiveCfg = Release|Any CPU
		{AFC8CDCD-02E7-4517-8A8B-3623B913F6C7}.Release|Any CPU.Build.0 = Release|Any CPU
		{991729D3-3CE5-4B4E-B48F-90DD196DC0E4}.Alpha|Any CPU.ActiveCfg = Alpha|Any CPU
		{991729D3-3CE5-4B4E-B48F-90DD196DC0E4}.Alpha|Any CPU.Build.0 = Alpha|Any CPU
		{991729D3-3CE5-4B4E-B48F-90DD196DC0E4}.Beta|Any CPU.ActiveCfg = Release|Any CPU
		{991729D3-3CE5-4B4E-B48F-90DD196DC0E4}.Beta|Any CPU.Build.0 = Release|Any CPU
		{991729D3-3CE5-4B4E-B48F-90DD196DC0E4}.Debug|Any CPU.ActiveCfg = Debug|Any CPU
		{991729D3-3CE5-4B4E-B48F-90DD196DC0E4}.Debug|Any CPU.Build.0 = Debug|Any CPU
		{991729D3-3CE5-4B4E-B48F-90DD196DC0E4}.Release|Any CPU.ActiveCfg = Release|Any CPU
		{991729D3-3CE5-4B4E-B48F-90DD196DC0E4}.Release|Any CPU.Build.0 = Release|Any CPU
		{FD868431-6667-4394-89DF-44764AAFCAE5}.Alpha|Any CPU.ActiveCfg = Alpha|Any CPU
		{FD868431-6667-4394-89DF-44764AAFCAE5}.Alpha|Any CPU.Build.0 = Alpha|Any CPU
		{FD868431-6667-4394-89DF-44764AAFCAE5}.Beta|Any CPU.ActiveCfg = Release|Any CPU
		{FD868431-6667-4394-89DF-44764AAFCAE5}.Beta|Any CPU.Build.0 = Release|Any CPU
		{FD868431-6667-4394-89DF-44764AAFCAE5}.Debug|Any CPU.ActiveCfg = Debug|Any CPU
		{FD868431-6667-4394-89DF-44764AAFCAE5}.Debug|Any CPU.Build.0 = Debug|Any CPU
		{FD868431-6667-4394-89DF-44764AAFCAE5}.Release|Any CPU.ActiveCfg = Release|Any CPU
		{FD868431-6667-4394-89DF-44764AAFCAE5}.Release|Any CPU.Build.0 = Release|Any CPU
		{F4E9C5B4-F2C4-4FFA-A2ED-65CF9B7EB8CB}.Alpha|Any CPU.ActiveCfg = Alpha|Any CPU
		{F4E9C5B4-F2C4-4FFA-A2ED-65CF9B7EB8CB}.Alpha|Any CPU.Build.0 = Alpha|Any CPU
		{F4E9C5B4-F2C4-4FFA-A2ED-65CF9B7EB8CB}.Beta|Any CPU.ActiveCfg = Release|Any CPU
		{F4E9C5B4-F2C4-4FFA-A2ED-65CF9B7EB8CB}.Beta|Any CPU.Build.0 = Release|Any CPU
		{F4E9C5B4-F2C4-4FFA-A2ED-65CF9B7EB8CB}.Debug|Any CPU.ActiveCfg = Debug|Any CPU
		{F4E9C5B4-F2C4-4FFA-A2ED-65CF9B7EB8CB}.Debug|Any CPU.Build.0 = Debug|Any CPU
		{F4E9C5B4-F2C4-4FFA-A2ED-65CF9B7EB8CB}.Release|Any CPU.ActiveCfg = Release|Any CPU
		{F4E9C5B4-F2C4-4FFA-A2ED-65CF9B7EB8CB}.Release|Any CPU.Build.0 = Release|Any CPU
		{29482B94-D6B4-4D4D-ABDC-028606C22333}.Alpha|Any CPU.ActiveCfg = Alpha|Any CPU
		{29482B94-D6B4-4D4D-ABDC-028606C22333}.Alpha|Any CPU.Build.0 = Alpha|Any CPU
		{29482B94-D6B4-4D4D-ABDC-028606C22333}.Beta|Any CPU.ActiveCfg = Beta|Any CPU
		{29482B94-D6B4-4D4D-ABDC-028606C22333}.Beta|Any CPU.Build.0 = Beta|Any CPU
		{29482B94-D6B4-4D4D-ABDC-028606C22333}.Debug|Any CPU.ActiveCfg = Debug|Any CPU
		{29482B94-D6B4-4D4D-ABDC-028606C22333}.Debug|Any CPU.Build.0 = Debug|Any CPU
		{29482B94-D6B4-4D4D-ABDC-028606C22333}.Release|Any CPU.ActiveCfg = Release|Any CPU
		{29482B94-D6B4-4D4D-ABDC-028606C22333}.Release|Any CPU.Build.0 = Release|Any CPU
		{2787460A-2EF2-412D-8989-A1223D2FCEE0}.Alpha|Any CPU.ActiveCfg = Alpha|Any CPU
		{2787460A-2EF2-412D-8989-A1223D2FCEE0}.Alpha|Any CPU.Build.0 = Alpha|Any CPU
		{2787460A-2EF2-412D-8989-A1223D2FCEE0}.Beta|Any CPU.ActiveCfg = Release|Any CPU
		{2787460A-2EF2-412D-8989-A1223D2FCEE0}.Beta|Any CPU.Build.0 = Release|Any CPU
		{2787460A-2EF2-412D-8989-A1223D2FCEE0}.Debug|Any CPU.ActiveCfg = Debug|Any CPU
		{2787460A-2EF2-412D-8989-A1223D2FCEE0}.Debug|Any CPU.Build.0 = Debug|Any CPU
		{2787460A-2EF2-412D-8989-A1223D2FCEE0}.Release|Any CPU.ActiveCfg = Release|Any CPU
		{2787460A-2EF2-412D-8989-A1223D2FCEE0}.Release|Any CPU.Build.0 = Release|Any CPU
		{6E6AED10-D8E4-4C61-A26A-CB063EBDBE2A}.Alpha|Any CPU.ActiveCfg = Alpha|Any CPU
		{6E6AED10-D8E4-4C61-A26A-CB063EBDBE2A}.Alpha|Any CPU.Build.0 = Alpha|Any CPU
		{6E6AED10-D8E4-4C61-A26A-CB063EBDBE2A}.Beta|Any CPU.ActiveCfg = Beta|Any CPU
		{6E6AED10-D8E4-4C61-A26A-CB063EBDBE2A}.Beta|Any CPU.Build.0 = Beta|Any CPU
		{6E6AED10-D8E4-4C61-A26A-CB063EBDBE2A}.Debug|Any CPU.ActiveCfg = Debug|Any CPU
		{6E6AED10-D8E4-4C61-A26A-CB063EBDBE2A}.Debug|Any CPU.Build.0 = Debug|Any CPU
		{6E6AED10-D8E4-4C61-A26A-CB063EBDBE2A}.Release|Any CPU.ActiveCfg = Release|Any CPU
		{6E6AED10-D8E4-4C61-A26A-CB063EBDBE2A}.Release|Any CPU.Build.0 = Release|Any CPU
		{A1A18F87-CC82-480D-9902-99E5BA1A5551}.Alpha|Any CPU.ActiveCfg = Alpha|Any CPU
		{A1A18F87-CC82-480D-9902-99E5BA1A5551}.Alpha|Any CPU.Build.0 = Alpha|Any CPU
		{A1A18F87-CC82-480D-9902-99E5BA1A5551}.Beta|Any CPU.ActiveCfg = Beta|Any CPU
		{A1A18F87-CC82-480D-9902-99E5BA1A5551}.Beta|Any CPU.Build.0 = Beta|Any CPU
		{A1A18F87-CC82-480D-9902-99E5BA1A5551}.Debug|Any CPU.ActiveCfg = Debug|Any CPU
		{A1A18F87-CC82-480D-9902-99E5BA1A5551}.Debug|Any CPU.Build.0 = Debug|Any CPU
		{A1A18F87-CC82-480D-9902-99E5BA1A5551}.Release|Any CPU.ActiveCfg = Release|Any CPU
		{A1A18F87-CC82-480D-9902-99E5BA1A5551}.Release|Any CPU.Build.0 = Release|Any CPU
		{BBFBB5E0-BCCF-41EF-B650-AFC9774C0D5D}.Alpha|Any CPU.ActiveCfg = Alpha|Any CPU
		{BBFBB5E0-BCCF-41EF-B650-AFC9774C0D5D}.Alpha|Any CPU.Build.0 = Alpha|Any CPU
		{BBFBB5E0-BCCF-41EF-B650-AFC9774C0D5D}.Beta|Any CPU.ActiveCfg = Beta|Any CPU
		{BBFBB5E0-BCCF-41EF-B650-AFC9774C0D5D}.Beta|Any CPU.Build.0 = Beta|Any CPU
		{BBFBB5E0-BCCF-41EF-B650-AFC9774C0D5D}.Debug|Any CPU.ActiveCfg = Debug|Any CPU
		{BBFBB5E0-BCCF-41EF-B650-AFC9774C0D5D}.Debug|Any CPU.Build.0 = Debug|Any CPU
		{BBFBB5E0-BCCF-41EF-B650-AFC9774C0D5D}.Release|Any CPU.ActiveCfg = Release|Any CPU
		{BBFBB5E0-BCCF-41EF-B650-AFC9774C0D5D}.Release|Any CPU.Build.0 = Release|Any CPU
		{D29602F8-B7D7-440F-AF04-4FEF74A2EFCB}.Alpha|Any CPU.ActiveCfg = Alpha|Any CPU
		{D29602F8-B7D7-440F-AF04-4FEF74A2EFCB}.Alpha|Any CPU.Build.0 = Alpha|Any CPU
		{D29602F8-B7D7-440F-AF04-4FEF74A2EFCB}.Beta|Any CPU.ActiveCfg = Beta|Any CPU
		{D29602F8-B7D7-440F-AF04-4FEF74A2EFCB}.Beta|Any CPU.Build.0 = Beta|Any CPU
		{D29602F8-B7D7-440F-AF04-4FEF74A2EFCB}.Debug|Any CPU.ActiveCfg = Debug|Any CPU
		{D29602F8-B7D7-440F-AF04-4FEF74A2EFCB}.Debug|Any CPU.Build.0 = Debug|Any CPU
		{D29602F8-B7D7-440F-AF04-4FEF74A2EFCB}.Release|Any CPU.ActiveCfg = Release|Any CPU
		{D29602F8-B7D7-440F-AF04-4FEF74A2EFCB}.Release|Any CPU.Build.0 = Release|Any CPU
		{8D7D6744-DDEC-4156-9D9E-4DC2875CC3EA}.Alpha|Any CPU.ActiveCfg = Alpha|Any CPU
		{8D7D6744-DDEC-4156-9D9E-4DC2875CC3EA}.Alpha|Any CPU.Build.0 = Alpha|Any CPU
		{8D7D6744-DDEC-4156-9D9E-4DC2875CC3EA}.Beta|Any CPU.ActiveCfg = Beta|Any CPU
		{8D7D6744-DDEC-4156-9D9E-4DC2875CC3EA}.Beta|Any CPU.Build.0 = Beta|Any CPU
		{8D7D6744-DDEC-4156-9D9E-4DC2875CC3EA}.Debug|Any CPU.ActiveCfg = Debug|Any CPU
		{8D7D6744-DDEC-4156-9D9E-4DC2875CC3EA}.Debug|Any CPU.Build.0 = Debug|Any CPU
		{8D7D6744-DDEC-4156-9D9E-4DC2875CC3EA}.Release|Any CPU.ActiveCfg = Release|Any CPU
		{8D7D6744-DDEC-4156-9D9E-4DC2875CC3EA}.Release|Any CPU.Build.0 = Release|Any CPU
		{5CD1D350-8F85-41AE-8102-9AB33135FE9D}.Alpha|Any CPU.ActiveCfg = Alpha|Any CPU
		{5CD1D350-8F85-41AE-8102-9AB33135FE9D}.Alpha|Any CPU.Build.0 = Alpha|Any CPU
		{5CD1D350-8F85-41AE-8102-9AB33135FE9D}.Beta|Any CPU.ActiveCfg = Beta|Any CPU
		{5CD1D350-8F85-41AE-8102-9AB33135FE9D}.Beta|Any CPU.Build.0 = Beta|Any CPU
		{5CD1D350-8F85-41AE-8102-9AB33135FE9D}.Debug|Any CPU.ActiveCfg = Debug|Any CPU
		{5CD1D350-8F85-41AE-8102-9AB33135FE9D}.Debug|Any CPU.Build.0 = Debug|Any CPU
		{5CD1D350-8F85-41AE-8102-9AB33135FE9D}.Release|Any CPU.ActiveCfg = Release|Any CPU
		{5CD1D350-8F85-41AE-8102-9AB33135FE9D}.Release|Any CPU.Build.0 = Release|Any CPU
		{06C52FBC-C9F9-4E80-8064-79F5D242ED95}.Alpha|Any CPU.ActiveCfg = Alpha|Any CPU
		{06C52FBC-C9F9-4E80-8064-79F5D242ED95}.Alpha|Any CPU.Build.0 = Alpha|Any CPU
		{06C52FBC-C9F9-4E80-8064-79F5D242ED95}.Beta|Any CPU.ActiveCfg = Beta|Any CPU
		{06C52FBC-C9F9-4E80-8064-79F5D242ED95}.Beta|Any CPU.Build.0 = Beta|Any CPU
		{06C52FBC-C9F9-4E80-8064-79F5D242ED95}.Debug|Any CPU.ActiveCfg = Debug|Any CPU
		{06C52FBC-C9F9-4E80-8064-79F5D242ED95}.Debug|Any CPU.Build.0 = Debug|Any CPU
		{06C52FBC-C9F9-4E80-8064-79F5D242ED95}.Release|Any CPU.ActiveCfg = Release|Any CPU
		{06C52FBC-C9F9-4E80-8064-79F5D242ED95}.Release|Any CPU.Build.0 = Release|Any CPU
		{2528F495-6AEA-4D85-9F25-783BC8D6D4A6}.Alpha|Any CPU.ActiveCfg = Alpha|Any CPU
		{2528F495-6AEA-4D85-9F25-783BC8D6D4A6}.Alpha|Any CPU.Build.0 = Alpha|Any CPU
		{2528F495-6AEA-4D85-9F25-783BC8D6D4A6}.Beta|Any CPU.ActiveCfg = Beta|Any CPU
		{2528F495-6AEA-4D85-9F25-783BC8D6D4A6}.Beta|Any CPU.Build.0 = Beta|Any CPU
		{2528F495-6AEA-4D85-9F25-783BC8D6D4A6}.Debug|Any CPU.ActiveCfg = Debug|Any CPU
		{2528F495-6AEA-4D85-9F25-783BC8D6D4A6}.Debug|Any CPU.Build.0 = Debug|Any CPU
		{2528F495-6AEA-4D85-9F25-783BC8D6D4A6}.Release|Any CPU.ActiveCfg = Release|Any CPU
		{2528F495-6AEA-4D85-9F25-783BC8D6D4A6}.Release|Any CPU.Build.0 = Release|Any CPU
		{130F34E8-5231-476B-B1AA-4D92E277E32A}.Alpha|Any CPU.ActiveCfg = Debug|Any CPU
		{130F34E8-5231-476B-B1AA-4D92E277E32A}.Alpha|Any CPU.Build.0 = Debug|Any CPU
		{130F34E8-5231-476B-B1AA-4D92E277E32A}.Beta|Any CPU.ActiveCfg = Debug|Any CPU
		{130F34E8-5231-476B-B1AA-4D92E277E32A}.Beta|Any CPU.Build.0 = Debug|Any CPU
		{130F34E8-5231-476B-B1AA-4D92E277E32A}.Debug|Any CPU.ActiveCfg = Debug|Any CPU
		{130F34E8-5231-476B-B1AA-4D92E277E32A}.Debug|Any CPU.Build.0 = Debug|Any CPU
		{130F34E8-5231-476B-B1AA-4D92E277E32A}.Release|Any CPU.ActiveCfg = Release|Any CPU
		{130F34E8-5231-476B-B1AA-4D92E277E32A}.Release|Any CPU.Build.0 = Release|Any CPU
		{6AB3407D-4898-42C7-A329-3220312BAC66}.Alpha|Any CPU.ActiveCfg = Debug|Any CPU
		{6AB3407D-4898-42C7-A329-3220312BAC66}.Alpha|Any CPU.Build.0 = Debug|Any CPU
		{6AB3407D-4898-42C7-A329-3220312BAC66}.Beta|Any CPU.ActiveCfg = Debug|Any CPU
		{6AB3407D-4898-42C7-A329-3220312BAC66}.Beta|Any CPU.Build.0 = Debug|Any CPU
		{6AB3407D-4898-42C7-A329-3220312BAC66}.Debug|Any CPU.ActiveCfg = Debug|Any CPU
		{6AB3407D-4898-42C7-A329-3220312BAC66}.Debug|Any CPU.Build.0 = Debug|Any CPU
		{6AB3407D-4898-42C7-A329-3220312BAC66}.Release|Any CPU.ActiveCfg = Release|Any CPU
		{6AB3407D-4898-42C7-A329-3220312BAC66}.Release|Any CPU.Build.0 = Release|Any CPU
		{8FD19D9D-DBDA-4015-9F2C-0166226ACD1A}.Alpha|Any CPU.ActiveCfg = Debug|Any CPU
		{8FD19D9D-DBDA-4015-9F2C-0166226ACD1A}.Alpha|Any CPU.Build.0 = Debug|Any CPU
		{8FD19D9D-DBDA-4015-9F2C-0166226ACD1A}.Beta|Any CPU.ActiveCfg = Debug|Any CPU
		{8FD19D9D-DBDA-4015-9F2C-0166226ACD1A}.Beta|Any CPU.Build.0 = Debug|Any CPU
		{8FD19D9D-DBDA-4015-9F2C-0166226ACD1A}.Debug|Any CPU.ActiveCfg = Debug|Any CPU
		{8FD19D9D-DBDA-4015-9F2C-0166226ACD1A}.Debug|Any CPU.Build.0 = Debug|Any CPU
		{8FD19D9D-DBDA-4015-9F2C-0166226ACD1A}.Release|Any CPU.ActiveCfg = Release|Any CPU
		{8FD19D9D-DBDA-4015-9F2C-0166226ACD1A}.Release|Any CPU.Build.0 = Release|Any CPU
		{2EBCD245-CA81-4593-A451-2A441CE6FE5C}.Alpha|Any CPU.ActiveCfg = Alpha|Any CPU
		{2EBCD245-CA81-4593-A451-2A441CE6FE5C}.Alpha|Any CPU.Build.0 = Alpha|Any CPU
		{2EBCD245-CA81-4593-A451-2A441CE6FE5C}.Beta|Any CPU.ActiveCfg = Beta|Any CPU
		{2EBCD245-CA81-4593-A451-2A441CE6FE5C}.Beta|Any CPU.Build.0 = Beta|Any CPU
		{2EBCD245-CA81-4593-A451-2A441CE6FE5C}.Debug|Any CPU.ActiveCfg = Debug|Any CPU
		{2EBCD245-CA81-4593-A451-2A441CE6FE5C}.Debug|Any CPU.Build.0 = Debug|Any CPU
		{2EBCD245-CA81-4593-A451-2A441CE6FE5C}.Release|Any CPU.ActiveCfg = Release|Any CPU
		{2EBCD245-CA81-4593-A451-2A441CE6FE5C}.Release|Any CPU.Build.0 = Release|Any CPU
		{52BCD2E6-556A-486D-BDBD-4513699C8DF8}.Alpha|Any CPU.ActiveCfg = Alpha|Any CPU
		{52BCD2E6-556A-486D-BDBD-4513699C8DF8}.Alpha|Any CPU.Build.0 = Alpha|Any CPU
		{52BCD2E6-556A-486D-BDBD-4513699C8DF8}.Beta|Any CPU.ActiveCfg = Beta|Any CPU
		{52BCD2E6-556A-486D-BDBD-4513699C8DF8}.Beta|Any CPU.Build.0 = Beta|Any CPU
		{52BCD2E6-556A-486D-BDBD-4513699C8DF8}.Debug|Any CPU.ActiveCfg = Debug|Any CPU
		{52BCD2E6-556A-486D-BDBD-4513699C8DF8}.Debug|Any CPU.Build.0 = Debug|Any CPU
		{52BCD2E6-556A-486D-BDBD-4513699C8DF8}.Release|Any CPU.ActiveCfg = Release|Any CPU
		{52BCD2E6-556A-486D-BDBD-4513699C8DF8}.Release|Any CPU.Build.0 = Release|Any CPU
	EndGlobalSection
	GlobalSection(SolutionProperties) = preSolution
		HideSolutionNode = FALSE
	EndGlobalSection
	GlobalSection(ExtensibilityGlobals) = postSolution
		SolutionGuid = {46F06D06-652E-4FB9-AB1B-5A41A37778B9}
	EndGlobalSection
EndGlobal
